// !$*UTF8*$!
{
	archiveVersion = 1;
	classes = {
	};
	objectVersion = 46;
	objects = {

/* Begin PBXBuildFile section */
		91CE001E8CA9A4A714C1262B /* libPods.a in Frameworks */ = {isa = PBXBuildFile; fileRef = DD699A7A7BE03FFCE0BB4B68 /* libPods.a */; };
		B705E09D18C6CAAE00AC6B5E /* CoreData.framework in Frameworks */ = {isa = PBXBuildFile; fileRef = B705E09C18C6CAAE00AC6B5E /* CoreData.framework */; };
		B707FA8318CDA1B500413B64 /* SCDemoListViewController.m in Sources */ = {isa = PBXBuildFile; fileRef = B707FA8218CDA1B500413B64 /* SCDemoListViewController.m */; };
		B71EE5A71910CB3500590A9D /* CoreMedia.framework in Frameworks */ = {isa = PBXBuildFile; fileRef = B71EE5A61910CB3500590A9D /* CoreMedia.framework */; };
		B71EE5A91910CB9100590A9D /* AVFoundation.framework in Frameworks */ = {isa = PBXBuildFile; fileRef = B71EE5A81910CB9100590A9D /* AVFoundation.framework */; };
		B71EE5AB1910D69000590A9D /* TestPic.jpg in Resources */ = {isa = PBXBuildFile; fileRef = B71EE5AA1910D69000590A9D /* TestPic.jpg */; };
		B71EE5AD1910D73D00590A9D /* Test.jpeg in Resources */ = {isa = PBXBuildFile; fileRef = B71EE5AC1910D73D00590A9D /* Test.jpeg */; };
		B724306719F5243700013D7D /* SCFramework.xcassets in Resources */ = {isa = PBXBuildFile; fileRef = B724306219F5243700013D7D /* SCFramework.xcassets */; };
		B724307319F5246800013D7D /* SCFWLocalizable.strings in Resources */ = {isa = PBXBuildFile; fileRef = B724307119F5246800013D7D /* SCFWLocalizable.strings */; };
		B725A02419D53D0800C92315 /* UITableView+SCAddition.m in Sources */ = {isa = PBXBuildFile; fileRef = B725A02319D53D0800C92315 /* UITableView+SCAddition.m */; };
		B7271A711974BE9100FDFA72 /* SCVersionManager.m in Sources */ = {isa = PBXBuildFile; fileRef = B7271A701974BE9100FDFA72 /* SCVersionManager.m */; };
		B72AF3D518C5655100621B34 /* Foundation.framework in Frameworks */ = {isa = PBXBuildFile; fileRef = B72AF3D418C5655100621B34 /* Foundation.framework */; };
		B72AF3D718C5655100621B34 /* CoreGraphics.framework in Frameworks */ = {isa = PBXBuildFile; fileRef = B72AF3D618C5655100621B34 /* CoreGraphics.framework */; };
		B72AF3D918C5655100621B34 /* UIKit.framework in Frameworks */ = {isa = PBXBuildFile; fileRef = B72AF3D818C5655100621B34 /* UIKit.framework */; };
		B72AF3E618C5655100621B34 /* InfoPlist.strings in Resources */ = {isa = PBXBuildFile; fileRef = B72AF3E418C5655100621B34 /* InfoPlist.strings */; };
		B72AF3E818C5655100621B34 /* main.m in Sources */ = {isa = PBXBuildFile; fileRef = B72AF3E718C5655100621B34 /* main.m */; };
		B72AF3EB18C5655100621B34 /* AppDelegate.m in Sources */ = {isa = PBXBuildFile; fileRef = B72AF3EA18C5655100621B34 /* AppDelegate.m */; };
		B72AF3ED18C5655100621B34 /* Images.xcassets in Resources */ = {isa = PBXBuildFile; fileRef = B72AF3EC18C5655100621B34 /* Images.xcassets */; };
		B72AF3F418C5655100621B34 /* XCTest.framework in Frameworks */ = {isa = PBXBuildFile; fileRef = B72AF3F318C5655100621B34 /* XCTest.framework */; };
		B72AF3F518C5655100621B34 /* Foundation.framework in Frameworks */ = {isa = PBXBuildFile; fileRef = B72AF3D418C5655100621B34 /* Foundation.framework */; };
		B72AF3F618C5655100621B34 /* UIKit.framework in Frameworks */ = {isa = PBXBuildFile; fileRef = B72AF3D818C5655100621B34 /* UIKit.framework */; };
		B72AF3FE18C5655100621B34 /* InfoPlist.strings in Resources */ = {isa = PBXBuildFile; fileRef = B72AF3FC18C5655100621B34 /* InfoPlist.strings */; };
		B72AF40018C5655100621B34 /* SCFrameworkTests.m in Sources */ = {isa = PBXBuildFile; fileRef = B72AF3FF18C5655100621B34 /* SCFrameworkTests.m */; };
		B72C84A719F4A61C0026225D /* SCLocationManager.m in Sources */ = {isa = PBXBuildFile; fileRef = B72C84A619F4A61C0026225D /* SCLocationManager.m */; };
		B730F7D91921B9CA00CBB1E8 /* JavaScriptCore.framework in Frameworks */ = {isa = PBXBuildFile; fileRef = B730F7D81921B9CA00CBB1E8 /* JavaScriptCore.framework */; };
		B73230E21A353E8C009C16D8 /* SCAlertView.m in Sources */ = {isa = PBXBuildFile; fileRef = B73230E11A353E8C009C16D8 /* SCAlertView.m */; };
		B73230E51A353EA4009C16D8 /* SCActionSheet.m in Sources */ = {isa = PBXBuildFile; fileRef = B73230E41A353EA4009C16D8 /* SCActionSheet.m */; };
		B73CD4861990B39A00D21CD0 /* SCBrowseView.m in Sources */ = {isa = PBXBuildFile; fileRef = B73CD4851990B39A00D21CD0 /* SCBrowseView.m */; };
		B73EDD7A1A5E67EF0024E33E /* SCKeyValueStore.m in Sources */ = {isa = PBXBuildFile; fileRef = B73EDD791A5E67EF0024E33E /* SCKeyValueStore.m */; };
		B745E7951B1EDF6B00E06BE6 /* SCCycleScrollView.m in Sources */ = {isa = PBXBuildFile; fileRef = B745E7941B1EDF6B00E06BE6 /* SCCycleScrollView.m */; };
		B7531D8718C734B100D701BF /* libz.dylib in Frameworks */ = {isa = PBXBuildFile; fileRef = B7531D8618C734B100D701BF /* libz.dylib */; };
		B75C059A1B16C84C00B5C012 /* SCPageViewController.m in Sources */ = {isa = PBXBuildFile; fileRef = B75C05991B16C84C00B5C012 /* SCPageViewController.m */; };
		B75DAF85191B83230011E917 /* SCDemoDetailViewController.m in Sources */ = {isa = PBXBuildFile; fileRef = B75DAF84191B83230011E917 /* SCDemoDetailViewController.m */; };
		B7645723196BC902009302C2 /* SCImagePickerManager.m in Sources */ = {isa = PBXBuildFile; fileRef = B7645722196BC902009302C2 /* SCImagePickerManager.m */; };
		B7653F6319CC207300A2AAB5 /* SCActionView.m in Sources */ = {isa = PBXBuildFile; fileRef = B7653F6219CC207300A2AAB5 /* SCActionView.m */; };
		B779D1FD1B4E607500743758 /* SCFramework.podspec in Resources */ = {isa = PBXBuildFile; fileRef = B779D1FC1B4E607500743758 /* SCFramework.podspec */; };
		B7AF797D19A5DE270041F724 /* SCDatabase.m in Sources */ = {isa = PBXBuildFile; fileRef = B7AF797C19A5DE270041F724 /* SCDatabase.m */; };
		B7AF798A19A6E8AA0041F724 /* SCUtils.m in Sources */ = {isa = PBXBuildFile; fileRef = B7AF798919A6E8AA0041F724 /* SCUtils.m */; };
		B7B70C5319D11B25000D4472 /* SCToolbar.m in Sources */ = {isa = PBXBuildFile; fileRef = B7B70C5219D11B25000D4472 /* SCToolbar.m */; };
		B7B70C5A19D11E56000D4472 /* UIBarButtonItem+SCAddition.m in Sources */ = {isa = PBXBuildFile; fileRef = B7B70C5919D11E56000D4472 /* UIBarButtonItem+SCAddition.m */; };
		B7C2268619760BF700BEF1B2 /* SCPageControl.m in Sources */ = {isa = PBXBuildFile; fileRef = B7C2268519760BF700BEF1B2 /* SCPageControl.m */; };
		B7C2268C19762AF000BEF1B2 /* UIScreen+SCAddition.m in Sources */ = {isa = PBXBuildFile; fileRef = B7C2268B19762AF000BEF1B2 /* UIScreen+SCAddition.m */; };
		B7DED3C71957D47D00A2D5C0 /* SCAdaptedDevice.m in Sources */ = {isa = PBXBuildFile; fileRef = B7DED33C1957D47D00A2D5C0 /* SCAdaptedDevice.m */; };
		B7DED3C81957D47D00A2D5C0 /* SCAdaptedSystem.m in Sources */ = {isa = PBXBuildFile; fileRef = B7DED33F1957D47D00A2D5C0 /* SCAdaptedSystem.m */; };
		B7DED3C91957D47D00A2D5C0 /* NSArray+SCAddition.m in Sources */ = {isa = PBXBuildFile; fileRef = B7DED3421957D47D00A2D5C0 /* NSArray+SCAddition.m */; };
		B7DED3CA1957D47D00A2D5C0 /* NSData+SCAddition.m in Sources */ = {isa = PBXBuildFile; fileRef = B7DED3441957D47D00A2D5C0 /* NSData+SCAddition.m */; };
		B7DED3CB1957D47D00A2D5C0 /* NSDate+SCAddition.m in Sources */ = {isa = PBXBuildFile; fileRef = B7DED3461957D47D00A2D5C0 /* NSDate+SCAddition.m */; };
		B7DED3CC1957D47D00A2D5C0 /* NSDictionary+SCAddition.m in Sources */ = {isa = PBXBuildFile; fileRef = B7DED3481957D47D00A2D5C0 /* NSDictionary+SCAddition.m */; };
		B7DED3CD1957D47D00A2D5C0 /* NSObject+SCAddition.m in Sources */ = {isa = PBXBuildFile; fileRef = B7DED34A1957D47D00A2D5C0 /* NSObject+SCAddition.m */; };
		B7DED3CE1957D47D00A2D5C0 /* NSString+SCAddition.m in Sources */ = {isa = PBXBuildFile; fileRef = B7DED34C1957D47D00A2D5C0 /* NSString+SCAddition.m */; };
		B7DED3CF1957D47D00A2D5C0 /* NSURL+SCAddition.m in Sources */ = {isa = PBXBuildFile; fileRef = B7DED34E1957D47D00A2D5C0 /* NSURL+SCAddition.m */; };
		B7DED3D01957D47D00A2D5C0 /* UIAlertView+SCAddition.m in Sources */ = {isa = PBXBuildFile; fileRef = B7DED3501957D47D00A2D5C0 /* UIAlertView+SCAddition.m */; };
		B7DED3D11957D47D00A2D5C0 /* UIColor+SCAddition.m in Sources */ = {isa = PBXBuildFile; fileRef = B7DED3521957D47D00A2D5C0 /* UIColor+SCAddition.m */; };
		B7DED3D21957D47D00A2D5C0 /* UIDevice+SCAddition.m in Sources */ = {isa = PBXBuildFile; fileRef = B7DED3541957D47D00A2D5C0 /* UIDevice+SCAddition.m */; };
		B7DED3D31957D47D00A2D5C0 /* UIImage+SCAddition.m in Sources */ = {isa = PBXBuildFile; fileRef = B7DED3561957D47D00A2D5C0 /* UIImage+SCAddition.m */; };
		B7DED3D41957D47D00A2D5C0 /* UINavigationController+SCAddition.m in Sources */ = {isa = PBXBuildFile; fileRef = B7DED3581957D47D00A2D5C0 /* UINavigationController+SCAddition.m */; };
		B7DED3D51957D47D00A2D5C0 /* UIView+SCAddition.m in Sources */ = {isa = PBXBuildFile; fileRef = B7DED35A1957D47D00A2D5C0 /* UIView+SCAddition.m */; };
		B7DED3D61957D47D00A2D5C0 /* SCApp.m in Sources */ = {isa = PBXBuildFile; fileRef = B7DED35E1957D47D00A2D5C0 /* SCApp.m */; };
		B7DED3D71957D47D00A2D5C0 /* SCModel.m in Sources */ = {isa = PBXBuildFile; fileRef = B7DED3611957D47D00A2D5C0 /* SCModel.m */; };
		B7DED3D81957D47D00A2D5C0 /* SCNSJSONSerialization.m in Sources */ = {isa = PBXBuildFile; fileRef = B7DED3631957D47D00A2D5C0 /* SCNSJSONSerialization.m */; };
		B7DED3D91957D47D00A2D5C0 /* SCMath.m in Sources */ = {isa = PBXBuildFile; fileRef = B7DED3661957D47D00A2D5C0 /* SCMath.m */; };
		B7DED3DA1957D47D00A2D5C0 /* SCConstant.m in Sources */ = {isa = PBXBuildFile; fileRef = B7DED3691957D47D00A2D5C0 /* SCConstant.m */; };
		B7DED3DB1957D47D00A2D5C0 /* NSFetchRequest+SCDaoAddition.m in Sources */ = {isa = PBXBuildFile; fileRef = B7DED36D1957D47D00A2D5C0 /* NSFetchRequest+SCDaoAddition.m */; };
		B7DED3DC1957D47D00A2D5C0 /* NSManagedObject+SCDaoAddition.m in Sources */ = {isa = PBXBuildFile; fileRef = B7DED36F1957D47D00A2D5C0 /* NSManagedObject+SCDaoAddition.m */; };
		B7DED3DD1957D47D00A2D5C0 /* SCCoreDataManager.m in Sources */ = {isa = PBXBuildFile; fileRef = B7DED3711957D47D00A2D5C0 /* SCCoreDataManager.m */; };
		B7DED3DE1957D47D00A2D5C0 /* SCDaoManager.m in Sources */ = {isa = PBXBuildFile; fileRef = B7DED3731957D47D00A2D5C0 /* SCDaoManager.m */; };
		B7DED3DF1957D47D00A2D5C0 /* SCDateManager.m in Sources */ = {isa = PBXBuildFile; fileRef = B7DED3761957D47D00A2D5C0 /* SCDateManager.m */; };
		B7DED3E01957D47D00A2D5C0 /* SCFileManager.m in Sources */ = {isa = PBXBuildFile; fileRef = B7DED3791957D47D00A2D5C0 /* SCFileManager.m */; };
		B7DED3E11957D47D00A2D5C0 /* SCUserDefaultManager.m in Sources */ = {isa = PBXBuildFile; fileRef = B7DED37C1957D47D00A2D5C0 /* SCUserDefaultManager.m */; };
		B7DED3E41957D47D00A2D5C0 /* SCCTNavigationController.m in Sources */ = {isa = PBXBuildFile; fileRef = B7DED38B1957D47D00A2D5C0 /* SCCTNavigationController.m */; };
		B7DED3E51957D47D00A2D5C0 /* SCCTNavigationControllerDelegateManager.m in Sources */ = {isa = PBXBuildFile; fileRef = B7DED38D1957D47D00A2D5C0 /* SCCTNavigationControllerDelegateManager.m */; };
		B7DED3E61957D47D00A2D5C0 /* SCDBNavigationController.m in Sources */ = {isa = PBXBuildFile; fileRef = B7DED38F1957D47D00A2D5C0 /* SCDBNavigationController.m */; };
		B7DED3E71957D47D00A2D5C0 /* SCNavigationController.m in Sources */ = {isa = PBXBuildFile; fileRef = B7DED3911957D47D00A2D5C0 /* SCNavigationController.m */; };
		B7DED3E81957D47D00A2D5C0 /* SCViewControllerTransitionAnimator.m in Sources */ = {isa = PBXBuildFile; fileRef = B7DED3941957D47D00A2D5C0 /* SCViewControllerTransitionAnimator.m */; };
		B7DED3E91957D47D00A2D5C0 /* SCTabBarController.m in Sources */ = {isa = PBXBuildFile; fileRef = B7DED3971957D47D00A2D5C0 /* SCTabBarController.m */; };
		B7DED3EA1957D47D00A2D5C0 /* SCTableViewController.m in Sources */ = {isa = PBXBuildFile; fileRef = B7DED39A1957D47D00A2D5C0 /* SCTableViewController.m */; };
		B7DED3EB1957D47D00A2D5C0 /* SCViewController.m in Sources */ = {isa = PBXBuildFile; fileRef = B7DED39D1957D47D00A2D5C0 /* SCViewController.m */; };
		B7DED3EC1957D47D00A2D5C0 /* SCButton.m in Sources */ = {isa = PBXBuildFile; fileRef = B7DED3A11957D47D00A2D5C0 /* SCButton.m */; };
		B7DED3ED1957D47D00A2D5C0 /* SCDatePicker.m in Sources */ = {isa = PBXBuildFile; fileRef = B7DED3A41957D47D00A2D5C0 /* SCDatePicker.m */; };
		B7DED3EE1957D47D00A2D5C0 /* SCLabel.m in Sources */ = {isa = PBXBuildFile; fileRef = B7DED3A71957D47D00A2D5C0 /* SCLabel.m */; };
		B7DED3EF1957D47D00A2D5C0 /* SCPickerView.m in Sources */ = {isa = PBXBuildFile; fileRef = B7DED3AA1957D47D00A2D5C0 /* SCPickerView.m */; };
		B7DED3F01957D47D00A2D5C0 /* SCScrollView.m in Sources */ = {isa = PBXBuildFile; fileRef = B7DED3AD1957D47D00A2D5C0 /* SCScrollView.m */; };
		B7DED3F11957D47D00A2D5C0 /* SCCircleView.m in Sources */ = {isa = PBXBuildFile; fileRef = B7DED3B01957D47D00A2D5C0 /* SCCircleView.m */; };
		B7DED3F21957D47D00A2D5C0 /* SCExpandTableView.m in Sources */ = {isa = PBXBuildFile; fileRef = B7DED3B21957D47D00A2D5C0 /* SCExpandTableView.m */; };
		B7DED3F31957D47D00A2D5C0 /* SCPullLoadView.m in Sources */ = {isa = PBXBuildFile; fileRef = B7DED3B41957D47D00A2D5C0 /* SCPullLoadView.m */; };
		B7DED3F41957D47D00A2D5C0 /* SCPullRefreshView.m in Sources */ = {isa = PBXBuildFile; fileRef = B7DED3B61957D47D00A2D5C0 /* SCPullRefreshView.m */; };
		B7DED3F51957D47D00A2D5C0 /* SCTableView.m in Sources */ = {isa = PBXBuildFile; fileRef = B7DED3B81957D47D00A2D5C0 /* SCTableView.m */; };
		B7DED3F61957D47D00A2D5C0 /* SCExpandTableViewCell.m in Sources */ = {isa = PBXBuildFile; fileRef = B7DED3BB1957D47D00A2D5C0 /* SCExpandTableViewCell.m */; };
		B7DED3F71957D47D00A2D5C0 /* SCTableViewCell.m in Sources */ = {isa = PBXBuildFile; fileRef = B7DED3BD1957D47D00A2D5C0 /* SCTableViewCell.m */; };
		B7DED3F81957D47D00A2D5C0 /* SCTextField.m in Sources */ = {isa = PBXBuildFile; fileRef = B7DED3C01957D47D00A2D5C0 /* SCTextField.m */; };
		B7DED3F91957D47D00A2D5C0 /* SCTextView.m in Sources */ = {isa = PBXBuildFile; fileRef = B7DED3C31957D47D00A2D5C0 /* SCTextView.m */; };
		B7DED3FA1957D47D00A2D5C0 /* SCView.m in Sources */ = {isa = PBXBuildFile; fileRef = B7DED3C61957D47D00A2D5C0 /* SCView.m */; };
		B7E640AC19A478340019D963 /* NSTimer+SCAddition.m in Sources */ = {isa = PBXBuildFile; fileRef = B7E640AB19A478340019D963 /* NSTimer+SCAddition.m */; };
		B7E640AF19A478520019D963 /* SCBrowseViewPage.m in Sources */ = {isa = PBXBuildFile; fileRef = B7E640AE19A478520019D963 /* SCBrowseViewPage.m */; };
		B7F300371962529800921CFD /* UINavigationItem+SCAddition.m in Sources */ = {isa = PBXBuildFile; fileRef = B7F300361962529800921CFD /* UINavigationItem+SCAddition.m */; };
/* End PBXBuildFile section */

/* Begin PBXContainerItemProxy section */
		B72AF3F718C5655100621B34 /* PBXContainerItemProxy */ = {
			isa = PBXContainerItemProxy;
			containerPortal = B72AF3C918C5655100621B34 /* Project object */;
			proxyType = 1;
			remoteGlobalIDString = B72AF3D018C5655100621B34;
			remoteInfo = SCFramework;
		};
/* End PBXContainerItemProxy section */

/* Begin PBXFileReference section */
		6C0C92BEB5AD5FDF3951A522 /* Pods.debug.xcconfig */ = {isa = PBXFileReference; includeInIndex = 1; lastKnownFileType = text.xcconfig; name = Pods.debug.xcconfig; path = "Pods/Target Support Files/Pods/Pods.debug.xcconfig"; sourceTree = "<group>"; };
		B705E09C18C6CAAE00AC6B5E /* CoreData.framework */ = {isa = PBXFileReference; lastKnownFileType = wrapper.framework; name = CoreData.framework; path = System/Library/Frameworks/CoreData.framework; sourceTree = SDKROOT; };
		B707FA8118CDA1B500413B64 /* SCDemoListViewController.h */ = {isa = PBXFileReference; fileEncoding = 4; lastKnownFileType = sourcecode.c.h; path = SCDemoListViewController.h; sourceTree = "<group>"; };
		B707FA8218CDA1B500413B64 /* SCDemoListViewController.m */ = {isa = PBXFileReference; fileEncoding = 4; lastKnownFileType = sourcecode.c.objc; path = SCDemoListViewController.m; sourceTree = "<group>"; };
		B7141FFB19A74EF3006C510C /* SCDatabaseModel.h */ = {isa = PBXFileReference; fileEncoding = 4; lastKnownFileType = sourcecode.c.h; path = SCDatabaseModel.h; sourceTree = "<group>"; };
		B71EE5A61910CB3500590A9D /* CoreMedia.framework */ = {isa = PBXFileReference; lastKnownFileType = wrapper.framework; name = CoreMedia.framework; path = System/Library/Frameworks/CoreMedia.framework; sourceTree = SDKROOT; };
		B71EE5A81910CB9100590A9D /* AVFoundation.framework */ = {isa = PBXFileReference; lastKnownFileType = wrapper.framework; name = AVFoundation.framework; path = System/Library/Frameworks/AVFoundation.framework; sourceTree = SDKROOT; };
		B71EE5AA1910D69000590A9D /* TestPic.jpg */ = {isa = PBXFileReference; lastKnownFileType = image.jpeg; path = TestPic.jpg; sourceTree = "<group>"; };
		B71EE5AC1910D73D00590A9D /* Test.jpeg */ = {isa = PBXFileReference; lastKnownFileType = image.jpeg; path = Test.jpeg; sourceTree = "<group>"; };
		B724306219F5243700013D7D /* SCFramework.xcassets */ = {isa = PBXFileReference; lastKnownFileType = folder.assetcatalog; path = SCFramework.xcassets; sourceTree = "<group>"; };
		B724307219F5246800013D7D /* en */ = {isa = PBXFileReference; lastKnownFileType = text.plist.strings; name = en; path = en.lproj/SCFWLocalizable.strings; sourceTree = "<group>"; };
		B724307419F5247200013D7D /* zh-Hans */ = {isa = PBXFileReference; lastKnownFileType = text.plist.strings; name = "zh-Hans"; path = "zh-Hans.lproj/SCFWLocalizable.strings"; sourceTree = "<group>"; };
		B725A02219D53D0800C92315 /* UITableView+SCAddition.h */ = {isa = PBXFileReference; fileEncoding = 4; lastKnownFileType = sourcecode.c.h; path = "UITableView+SCAddition.h"; sourceTree = "<group>"; };
		B725A02319D53D0800C92315 /* UITableView+SCAddition.m */ = {isa = PBXFileReference; fileEncoding = 4; lastKnownFileType = sourcecode.c.objc; path = "UITableView+SCAddition.m"; sourceTree = "<group>"; };
		B7271A6F1974BE9100FDFA72 /* SCVersionManager.h */ = {isa = PBXFileReference; fileEncoding = 4; lastKnownFileType = sourcecode.c.h; path = SCVersionManager.h; sourceTree = "<group>"; };
		B7271A701974BE9100FDFA72 /* SCVersionManager.m */ = {isa = PBXFileReference; fileEncoding = 4; lastKnownFileType = sourcecode.c.objc; path = SCVersionManager.m; sourceTree = "<group>"; };
		B72AF3D118C5655100621B34 /* SCFramework.app */ = {isa = PBXFileReference; explicitFileType = wrapper.application; includeInIndex = 0; path = SCFramework.app; sourceTree = BUILT_PRODUCTS_DIR; };
		B72AF3D418C5655100621B34 /* Foundation.framework */ = {isa = PBXFileReference; lastKnownFileType = wrapper.framework; name = Foundation.framework; path = System/Library/Frameworks/Foundation.framework; sourceTree = SDKROOT; };
		B72AF3D618C5655100621B34 /* CoreGraphics.framework */ = {isa = PBXFileReference; lastKnownFileType = wrapper.framework; name = CoreGraphics.framework; path = System/Library/Frameworks/CoreGraphics.framework; sourceTree = SDKROOT; };
		B72AF3D818C5655100621B34 /* UIKit.framework */ = {isa = PBXFileReference; lastKnownFileType = wrapper.framework; name = UIKit.framework; path = System/Library/Frameworks/UIKit.framework; sourceTree = SDKROOT; };
		B72AF3DE18C5655100621B34 /* SCFramework-Prefix.pch */ = {isa = PBXFileReference; lastKnownFileType = sourcecode.c.h; path = "SCFramework-Prefix.pch"; sourceTree = "<group>"; };
		B72AF3E318C5655100621B34 /* SCFramework-Info.plist */ = {isa = PBXFileReference; lastKnownFileType = text.plist.xml; path = "SCFramework-Info.plist"; sourceTree = "<group>"; };
		B72AF3E518C5655100621B34 /* en */ = {isa = PBXFileReference; lastKnownFileType = text.plist.strings; name = en; path = en.lproj/InfoPlist.strings; sourceTree = "<group>"; };
		B72AF3E718C5655100621B34 /* main.m */ = {isa = PBXFileReference; lastKnownFileType = sourcecode.c.objc; path = main.m; sourceTree = "<group>"; };
		B72AF3E918C5655100621B34 /* AppDelegate.h */ = {isa = PBXFileReference; lastKnownFileType = sourcecode.c.h; path = AppDelegate.h; sourceTree = "<group>"; };
		B72AF3EA18C5655100621B34 /* AppDelegate.m */ = {isa = PBXFileReference; lastKnownFileType = sourcecode.c.objc; path = AppDelegate.m; sourceTree = "<group>"; };
		B72AF3EC18C5655100621B34 /* Images.xcassets */ = {isa = PBXFileReference; lastKnownFileType = folder.assetcatalog; path = Images.xcassets; sourceTree = "<group>"; };
		B72AF3F218C5655100621B34 /* SCFrameworkTests.xctest */ = {isa = PBXFileReference; explicitFileType = wrapper.cfbundle; includeInIndex = 0; path = SCFrameworkTests.xctest; sourceTree = BUILT_PRODUCTS_DIR; };
		B72AF3F318C5655100621B34 /* XCTest.framework */ = {isa = PBXFileReference; lastKnownFileType = wrapper.framework; name = XCTest.framework; path = Library/Frameworks/XCTest.framework; sourceTree = DEVELOPER_DIR; };
		B72AF3FB18C5655100621B34 /* SCFrameworkTests-Info.plist */ = {isa = PBXFileReference; lastKnownFileType = text.plist.xml; path = "SCFrameworkTests-Info.plist"; sourceTree = "<group>"; };
		B72AF3FD18C5655100621B34 /* en */ = {isa = PBXFileReference; lastKnownFileType = text.plist.strings; name = en; path = en.lproj/InfoPlist.strings; sourceTree = "<group>"; };
		B72AF3FF18C5655100621B34 /* SCFrameworkTests.m */ = {isa = PBXFileReference; lastKnownFileType = sourcecode.c.objc; path = SCFrameworkTests.m; sourceTree = "<group>"; };
		B72C84A519F4A61C0026225D /* SCLocationManager.h */ = {isa = PBXFileReference; fileEncoding = 4; lastKnownFileType = sourcecode.c.h; path = SCLocationManager.h; sourceTree = "<group>"; };
		B72C84A619F4A61C0026225D /* SCLocationManager.m */ = {isa = PBXFileReference; fileEncoding = 4; lastKnownFileType = sourcecode.c.objc; path = SCLocationManager.m; sourceTree = "<group>"; };
		B730F7D81921B9CA00CBB1E8 /* JavaScriptCore.framework */ = {isa = PBXFileReference; lastKnownFileType = wrapper.framework; name = JavaScriptCore.framework; path = System/Library/Frameworks/JavaScriptCore.framework; sourceTree = SDKROOT; };
		B73230E01A353E8C009C16D8 /* SCAlertView.h */ = {isa = PBXFileReference; fileEncoding = 4; lastKnownFileType = sourcecode.c.h; path = SCAlertView.h; sourceTree = "<group>"; };
		B73230E11A353E8C009C16D8 /* SCAlertView.m */ = {isa = PBXFileReference; fileEncoding = 4; lastKnownFileType = sourcecode.c.objc; path = SCAlertView.m; sourceTree = "<group>"; };
		B73230E31A353EA4009C16D8 /* SCActionSheet.h */ = {isa = PBXFileReference; fileEncoding = 4; lastKnownFileType = sourcecode.c.h; path = SCActionSheet.h; sourceTree = "<group>"; };
		B73230E41A353EA4009C16D8 /* SCActionSheet.m */ = {isa = PBXFileReference; fileEncoding = 4; lastKnownFileType = sourcecode.c.objc; path = SCActionSheet.m; sourceTree = "<group>"; };
		B73CD4841990B39A00D21CD0 /* SCBrowseView.h */ = {isa = PBXFileReference; fileEncoding = 4; lastKnownFileType = sourcecode.c.h; path = SCBrowseView.h; sourceTree = "<group>"; };
		B73CD4851990B39A00D21CD0 /* SCBrowseView.m */ = {isa = PBXFileReference; fileEncoding = 4; lastKnownFileType = sourcecode.c.objc; path = SCBrowseView.m; sourceTree = "<group>"; };
		B73EDD781A5E67EF0024E33E /* SCKeyValueStore.h */ = {isa = PBXFileReference; fileEncoding = 4; lastKnownFileType = sourcecode.c.h; path = SCKeyValueStore.h; sourceTree = "<group>"; };
		B73EDD791A5E67EF0024E33E /* SCKeyValueStore.m */ = {isa = PBXFileReference; fileEncoding = 4; lastKnownFileType = sourcecode.c.objc; path = SCKeyValueStore.m; sourceTree = "<group>"; };
		B74181151A834EBB00AD2169 /* SCJSONSerializing.h */ = {isa = PBXFileReference; fileEncoding = 4; lastKnownFileType = sourcecode.c.h; path = SCJSONSerializing.h; sourceTree = "<group>"; };
		B745E7931B1EDF6B00E06BE6 /* SCCycleScrollView.h */ = {isa = PBXFileReference; fileEncoding = 4; lastKnownFileType = sourcecode.c.h; path = SCCycleScrollView.h; sourceTree = "<group>"; };
		B745E7941B1EDF6B00E06BE6 /* SCCycleScrollView.m */ = {isa = PBXFileReference; fileEncoding = 4; lastKnownFileType = sourcecode.c.objc; path = SCCycleScrollView.m; sourceTree = "<group>"; };
		B7531D8618C734B100D701BF /* libz.dylib */ = {isa = PBXFileReference; lastKnownFileType = "compiled.mach-o.dylib"; name = libz.dylib; path = usr/lib/libz.dylib; sourceTree = SDKROOT; };
		B75C05981B16C84C00B5C012 /* SCPageViewController.h */ = {isa = PBXFileReference; fileEncoding = 4; lastKnownFileType = sourcecode.c.h; path = SCPageViewController.h; sourceTree = "<group>"; };
		B75C05991B16C84C00B5C012 /* SCPageViewController.m */ = {isa = PBXFileReference; fileEncoding = 4; lastKnownFileType = sourcecode.c.objc; path = SCPageViewController.m; sourceTree = "<group>"; };
		B75DAF83191B83230011E917 /* SCDemoDetailViewController.h */ = {isa = PBXFileReference; fileEncoding = 4; lastKnownFileType = sourcecode.c.h; path = SCDemoDetailViewController.h; sourceTree = "<group>"; };
		B75DAF84191B83230011E917 /* SCDemoDetailViewController.m */ = {isa = PBXFileReference; fileEncoding = 4; lastKnownFileType = sourcecode.c.objc; path = SCDemoDetailViewController.m; sourceTree = "<group>"; };
		B7645721196BC902009302C2 /* SCImagePickerManager.h */ = {isa = PBXFileReference; fileEncoding = 4; lastKnownFileType = sourcecode.c.h; path = SCImagePickerManager.h; sourceTree = "<group>"; };
		B7645722196BC902009302C2 /* SCImagePickerManager.m */ = {isa = PBXFileReference; fileEncoding = 4; lastKnownFileType = sourcecode.c.objc; path = SCImagePickerManager.m; sourceTree = "<group>"; };
		B7653F6119CC207300A2AAB5 /* SCActionView.h */ = {isa = PBXFileReference; fileEncoding = 4; lastKnownFileType = sourcecode.c.h; path = SCActionView.h; sourceTree = "<group>"; };
		B7653F6219CC207300A2AAB5 /* SCActionView.m */ = {isa = PBXFileReference; fileEncoding = 4; lastKnownFileType = sourcecode.c.objc; path = SCActionView.m; sourceTree = "<group>"; };
		B779D1FC1B4E607500743758 /* SCFramework.podspec */ = {isa = PBXFileReference; fileEncoding = 4; lastKnownFileType = text; path = SCFramework.podspec; sourceTree = SOURCE_ROOT; };
		B7AF797B19A5DE270041F724 /* SCDatabase.h */ = {isa = PBXFileReference; fileEncoding = 4; lastKnownFileType = sourcecode.c.h; path = SCDatabase.h; sourceTree = "<group>"; };
		B7AF797C19A5DE270041F724 /* SCDatabase.m */ = {isa = PBXFileReference; fileEncoding = 4; lastKnownFileType = sourcecode.c.objc; path = SCDatabase.m; sourceTree = "<group>"; };
		B7AF798819A6E8AA0041F724 /* SCUtils.h */ = {isa = PBXFileReference; fileEncoding = 4; lastKnownFileType = sourcecode.c.h; path = SCUtils.h; sourceTree = "<group>"; };
		B7AF798919A6E8AA0041F724 /* SCUtils.m */ = {isa = PBXFileReference; fileEncoding = 4; lastKnownFileType = sourcecode.c.objc; path = SCUtils.m; sourceTree = "<group>"; };
		B7B70C5119D11B25000D4472 /* SCToolbar.h */ = {isa = PBXFileReference; fileEncoding = 4; lastKnownFileType = sourcecode.c.h; path = SCToolbar.h; sourceTree = "<group>"; };
		B7B70C5219D11B25000D4472 /* SCToolbar.m */ = {isa = PBXFileReference; fileEncoding = 4; lastKnownFileType = sourcecode.c.objc; path = SCToolbar.m; sourceTree = "<group>"; };
		B7B70C5819D11E56000D4472 /* UIBarButtonItem+SCAddition.h */ = {isa = PBXFileReference; fileEncoding = 4; lastKnownFileType = sourcecode.c.h; path = "UIBarButtonItem+SCAddition.h"; sourceTree = "<group>"; };
		B7B70C5919D11E56000D4472 /* UIBarButtonItem+SCAddition.m */ = {isa = PBXFileReference; fileEncoding = 4; lastKnownFileType = sourcecode.c.objc; path = "UIBarButtonItem+SCAddition.m"; sourceTree = "<group>"; };
		B7C2268419760BF700BEF1B2 /* SCPageControl.h */ = {isa = PBXFileReference; fileEncoding = 4; lastKnownFileType = sourcecode.c.h; path = SCPageControl.h; sourceTree = "<group>"; };
		B7C2268519760BF700BEF1B2 /* SCPageControl.m */ = {isa = PBXFileReference; fileEncoding = 4; lastKnownFileType = sourcecode.c.objc; path = SCPageControl.m; sourceTree = "<group>"; };
		B7C2268A19762AF000BEF1B2 /* UIScreen+SCAddition.h */ = {isa = PBXFileReference; fileEncoding = 4; lastKnownFileType = sourcecode.c.h; path = "UIScreen+SCAddition.h"; sourceTree = "<group>"; };
		B7C2268B19762AF000BEF1B2 /* UIScreen+SCAddition.m */ = {isa = PBXFileReference; fileEncoding = 4; lastKnownFileType = sourcecode.c.objc; path = "UIScreen+SCAddition.m"; sourceTree = "<group>"; };
		B7D9A0692EE6DA81624DA5BD /* Pods.release.xcconfig */ = {isa = PBXFileReference; includeInIndex = 1; lastKnownFileType = text.xcconfig; name = Pods.release.xcconfig; path = "Pods/Target Support Files/Pods/Pods.release.xcconfig"; sourceTree = "<group>"; };
		B7DED33B1957D47D00A2D5C0 /* SCAdaptedDevice.h */ = {isa = PBXFileReference; fileEncoding = 4; lastKnownFileType = sourcecode.c.h; path = SCAdaptedDevice.h; sourceTree = "<group>"; };
		B7DED33C1957D47D00A2D5C0 /* SCAdaptedDevice.m */ = {isa = PBXFileReference; fileEncoding = 4; lastKnownFileType = sourcecode.c.objc; path = SCAdaptedDevice.m; sourceTree = "<group>"; };
		B7DED33E1957D47D00A2D5C0 /* SCAdaptedSystem.h */ = {isa = PBXFileReference; fileEncoding = 4; lastKnownFileType = sourcecode.c.h; path = SCAdaptedSystem.h; sourceTree = "<group>"; };
		B7DED33F1957D47D00A2D5C0 /* SCAdaptedSystem.m */ = {isa = PBXFileReference; fileEncoding = 4; lastKnownFileType = sourcecode.c.objc; path = SCAdaptedSystem.m; sourceTree = "<group>"; };
		B7DED3411957D47D00A2D5C0 /* NSArray+SCAddition.h */ = {isa = PBXFileReference; fileEncoding = 4; lastKnownFileType = sourcecode.c.h; path = "NSArray+SCAddition.h"; sourceTree = "<group>"; };
		B7DED3421957D47D00A2D5C0 /* NSArray+SCAddition.m */ = {isa = PBXFileReference; fileEncoding = 4; lastKnownFileType = sourcecode.c.objc; path = "NSArray+SCAddition.m"; sourceTree = "<group>"; };
		B7DED3431957D47D00A2D5C0 /* NSData+SCAddition.h */ = {isa = PBXFileReference; fileEncoding = 4; lastKnownFileType = sourcecode.c.h; path = "NSData+SCAddition.h"; sourceTree = "<group>"; };
		B7DED3441957D47D00A2D5C0 /* NSData+SCAddition.m */ = {isa = PBXFileReference; fileEncoding = 4; lastKnownFileType = sourcecode.c.objc; path = "NSData+SCAddition.m"; sourceTree = "<group>"; };
		B7DED3451957D47D00A2D5C0 /* NSDate+SCAddition.h */ = {isa = PBXFileReference; fileEncoding = 4; lastKnownFileType = sourcecode.c.h; path = "NSDate+SCAddition.h"; sourceTree = "<group>"; };
		B7DED3461957D47D00A2D5C0 /* NSDate+SCAddition.m */ = {isa = PBXFileReference; fileEncoding = 4; lastKnownFileType = sourcecode.c.objc; path = "NSDate+SCAddition.m"; sourceTree = "<group>"; };
		B7DED3471957D47D00A2D5C0 /* NSDictionary+SCAddition.h */ = {isa = PBXFileReference; fileEncoding = 4; lastKnownFileType = sourcecode.c.h; path = "NSDictionary+SCAddition.h"; sourceTree = "<group>"; };
		B7DED3481957D47D00A2D5C0 /* NSDictionary+SCAddition.m */ = {isa = PBXFileReference; fileEncoding = 4; lastKnownFileType = sourcecode.c.objc; path = "NSDictionary+SCAddition.m"; sourceTree = "<group>"; };
		B7DED3491957D47D00A2D5C0 /* NSObject+SCAddition.h */ = {isa = PBXFileReference; fileEncoding = 4; lastKnownFileType = sourcecode.c.h; path = "NSObject+SCAddition.h"; sourceTree = "<group>"; };
		B7DED34A1957D47D00A2D5C0 /* NSObject+SCAddition.m */ = {isa = PBXFileReference; fileEncoding = 4; lastKnownFileType = sourcecode.c.objc; path = "NSObject+SCAddition.m"; sourceTree = "<group>"; };
		B7DED34B1957D47D00A2D5C0 /* NSString+SCAddition.h */ = {isa = PBXFileReference; fileEncoding = 4; lastKnownFileType = sourcecode.c.h; path = "NSString+SCAddition.h"; sourceTree = "<group>"; };
		B7DED34C1957D47D00A2D5C0 /* NSString+SCAddition.m */ = {isa = PBXFileReference; fileEncoding = 4; lastKnownFileType = sourcecode.c.objc; path = "NSString+SCAddition.m"; sourceTree = "<group>"; };
		B7DED34D1957D47D00A2D5C0 /* NSURL+SCAddition.h */ = {isa = PBXFileReference; fileEncoding = 4; lastKnownFileType = sourcecode.c.h; path = "NSURL+SCAddition.h"; sourceTree = "<group>"; };
		B7DED34E1957D47D00A2D5C0 /* NSURL+SCAddition.m */ = {isa = PBXFileReference; fileEncoding = 4; lastKnownFileType = sourcecode.c.objc; path = "NSURL+SCAddition.m"; sourceTree = "<group>"; };
		B7DED34F1957D47D00A2D5C0 /* UIAlertView+SCAddition.h */ = {isa = PBXFileReference; fileEncoding = 4; lastKnownFileType = sourcecode.c.h; path = "UIAlertView+SCAddition.h"; sourceTree = "<group>"; };
		B7DED3501957D47D00A2D5C0 /* UIAlertView+SCAddition.m */ = {isa = PBXFileReference; fileEncoding = 4; lastKnownFileType = sourcecode.c.objc; path = "UIAlertView+SCAddition.m"; sourceTree = "<group>"; };
		B7DED3511957D47D00A2D5C0 /* UIColor+SCAddition.h */ = {isa = PBXFileReference; fileEncoding = 4; lastKnownFileType = sourcecode.c.h; path = "UIColor+SCAddition.h"; sourceTree = "<group>"; };
		B7DED3521957D47D00A2D5C0 /* UIColor+SCAddition.m */ = {isa = PBXFileReference; fileEncoding = 4; lastKnownFileType = sourcecode.c.objc; path = "UIColor+SCAddition.m"; sourceTree = "<group>"; };
		B7DED3531957D47D00A2D5C0 /* UIDevice+SCAddition.h */ = {isa = PBXFileReference; fileEncoding = 4; lastKnownFileType = sourcecode.c.h; path = "UIDevice+SCAddition.h"; sourceTree = "<group>"; };
		B7DED3541957D47D00A2D5C0 /* UIDevice+SCAddition.m */ = {isa = PBXFileReference; fileEncoding = 4; lastKnownFileType = sourcecode.c.objc; path = "UIDevice+SCAddition.m"; sourceTree = "<group>"; };
		B7DED3551957D47D00A2D5C0 /* UIImage+SCAddition.h */ = {isa = PBXFileReference; fileEncoding = 4; lastKnownFileType = sourcecode.c.h; path = "UIImage+SCAddition.h"; sourceTree = "<group>"; };
		B7DED3561957D47D00A2D5C0 /* UIImage+SCAddition.m */ = {isa = PBXFileReference; fileEncoding = 4; lastKnownFileType = sourcecode.c.objc; path = "UIImage+SCAddition.m"; sourceTree = "<group>"; };
		B7DED3571957D47D00A2D5C0 /* UINavigationController+SCAddition.h */ = {isa = PBXFileReference; fileEncoding = 4; lastKnownFileType = sourcecode.c.h; path = "UINavigationController+SCAddition.h"; sourceTree = "<group>"; };
		B7DED3581957D47D00A2D5C0 /* UINavigationController+SCAddition.m */ = {isa = PBXFileReference; fileEncoding = 4; lastKnownFileType = sourcecode.c.objc; path = "UINavigationController+SCAddition.m"; sourceTree = "<group>"; };
		B7DED3591957D47D00A2D5C0 /* UIView+SCAddition.h */ = {isa = PBXFileReference; fileEncoding = 4; lastKnownFileType = sourcecode.c.h; path = "UIView+SCAddition.h"; sourceTree = "<group>"; };
		B7DED35A1957D47D00A2D5C0 /* UIView+SCAddition.m */ = {isa = PBXFileReference; fileEncoding = 4; lastKnownFileType = sourcecode.c.objc; path = "UIView+SCAddition.m"; sourceTree = "<group>"; };
		B7DED35D1957D47D00A2D5C0 /* SCApp.h */ = {isa = PBXFileReference; fileEncoding = 4; lastKnownFileType = sourcecode.c.h; path = SCApp.h; sourceTree = "<group>"; };
		B7DED35E1957D47D00A2D5C0 /* SCApp.m */ = {isa = PBXFileReference; fileEncoding = 4; lastKnownFileType = sourcecode.c.objc; path = SCApp.m; sourceTree = "<group>"; };
		B7DED3601957D47D00A2D5C0 /* SCModel.h */ = {isa = PBXFileReference; fileEncoding = 4; lastKnownFileType = sourcecode.c.h; path = SCModel.h; sourceTree = "<group>"; };
		B7DED3611957D47D00A2D5C0 /* SCModel.m */ = {isa = PBXFileReference; fileEncoding = 4; lastKnownFileType = sourcecode.c.objc; path = SCModel.m; sourceTree = "<group>"; };
		B7DED3621957D47D00A2D5C0 /* SCNSJSONSerialization.h */ = {isa = PBXFileReference; fileEncoding = 4; lastKnownFileType = sourcecode.c.h; path = SCNSJSONSerialization.h; sourceTree = "<group>"; };
		B7DED3631957D47D00A2D5C0 /* SCNSJSONSerialization.m */ = {isa = PBXFileReference; fileEncoding = 4; lastKnownFileType = sourcecode.c.objc; path = SCNSJSONSerialization.m; sourceTree = "<group>"; };
		B7DED3651957D47D00A2D5C0 /* SCMath.h */ = {isa = PBXFileReference; fileEncoding = 4; lastKnownFileType = sourcecode.c.h; path = SCMath.h; sourceTree = "<group>"; };
		B7DED3661957D47D00A2D5C0 /* SCMath.m */ = {isa = PBXFileReference; fileEncoding = 4; lastKnownFileType = sourcecode.c.objc; path = SCMath.m; sourceTree = "<group>"; };
		B7DED3681957D47D00A2D5C0 /* SCConstant.h */ = {isa = PBXFileReference; fileEncoding = 4; lastKnownFileType = sourcecode.c.h; path = SCConstant.h; sourceTree = "<group>"; };
		B7DED3691957D47D00A2D5C0 /* SCConstant.m */ = {isa = PBXFileReference; fileEncoding = 4; lastKnownFileType = sourcecode.c.objc; path = SCConstant.m; sourceTree = "<group>"; };
		B7DED36C1957D47D00A2D5C0 /* NSFetchRequest+SCDaoAddition.h */ = {isa = PBXFileReference; fileEncoding = 4; lastKnownFileType = sourcecode.c.h; path = "NSFetchRequest+SCDaoAddition.h"; sourceTree = "<group>"; };
		B7DED36D1957D47D00A2D5C0 /* NSFetchRequest+SCDaoAddition.m */ = {isa = PBXFileReference; fileEncoding = 4; lastKnownFileType = sourcecode.c.objc; path = "NSFetchRequest+SCDaoAddition.m"; sourceTree = "<group>"; };
		B7DED36E1957D47D00A2D5C0 /* NSManagedObject+SCDaoAddition.h */ = {isa = PBXFileReference; fileEncoding = 4; lastKnownFileType = sourcecode.c.h; path = "NSManagedObject+SCDaoAddition.h"; sourceTree = "<group>"; };
		B7DED36F1957D47D00A2D5C0 /* NSManagedObject+SCDaoAddition.m */ = {isa = PBXFileReference; fileEncoding = 4; lastKnownFileType = sourcecode.c.objc; path = "NSManagedObject+SCDaoAddition.m"; sourceTree = "<group>"; };
		B7DED3701957D47D00A2D5C0 /* SCCoreDataManager.h */ = {isa = PBXFileReference; fileEncoding = 4; lastKnownFileType = sourcecode.c.h; path = SCCoreDataManager.h; sourceTree = "<group>"; };
		B7DED3711957D47D00A2D5C0 /* SCCoreDataManager.m */ = {isa = PBXFileReference; fileEncoding = 4; lastKnownFileType = sourcecode.c.objc; path = SCCoreDataManager.m; sourceTree = "<group>"; };
		B7DED3721957D47D00A2D5C0 /* SCDaoManager.h */ = {isa = PBXFileReference; fileEncoding = 4; lastKnownFileType = sourcecode.c.h; path = SCDaoManager.h; sourceTree = "<group>"; };
		B7DED3731957D47D00A2D5C0 /* SCDaoManager.m */ = {isa = PBXFileReference; fileEncoding = 4; lastKnownFileType = sourcecode.c.objc; path = SCDaoManager.m; sourceTree = "<group>"; };
		B7DED3751957D47D00A2D5C0 /* SCDateManager.h */ = {isa = PBXFileReference; fileEncoding = 4; lastKnownFileType = sourcecode.c.h; path = SCDateManager.h; sourceTree = "<group>"; };
		B7DED3761957D47D00A2D5C0 /* SCDateManager.m */ = {isa = PBXFileReference; fileEncoding = 4; lastKnownFileType = sourcecode.c.objc; path = SCDateManager.m; sourceTree = "<group>"; };
		B7DED3781957D47D00A2D5C0 /* SCFileManager.h */ = {isa = PBXFileReference; fileEncoding = 4; lastKnownFileType = sourcecode.c.h; path = SCFileManager.h; sourceTree = "<group>"; };
		B7DED3791957D47D00A2D5C0 /* SCFileManager.m */ = {isa = PBXFileReference; fileEncoding = 4; lastKnownFileType = sourcecode.c.objc; path = SCFileManager.m; sourceTree = "<group>"; };
		B7DED37B1957D47D00A2D5C0 /* SCUserDefaultManager.h */ = {isa = PBXFileReference; fileEncoding = 4; lastKnownFileType = sourcecode.c.h; path = SCUserDefaultManager.h; sourceTree = "<group>"; };
		B7DED37C1957D47D00A2D5C0 /* SCUserDefaultManager.m */ = {isa = PBXFileReference; fileEncoding = 4; lastKnownFileType = sourcecode.c.objc; path = SCUserDefaultManager.m; sourceTree = "<group>"; };
		B7DED3821957D47D00A2D5C0 /* SCConfig.h */ = {isa = PBXFileReference; fileEncoding = 4; lastKnownFileType = sourcecode.c.h; path = SCConfig.h; sourceTree = "<group>"; };
		B7DED3831957D47D00A2D5C0 /* SCFramework.h */ = {isa = PBXFileReference; fileEncoding = 4; lastKnownFileType = sourcecode.c.h; path = SCFramework.h; sourceTree = "<group>"; };
		B7DED3841957D47D00A2D5C0 /* SCLog.h */ = {isa = PBXFileReference; fileEncoding = 4; lastKnownFileType = sourcecode.c.h; path = SCLog.h; sourceTree = "<group>"; };
		B7DED3851957D47D00A2D5C0 /* SCMacro.h */ = {isa = PBXFileReference; fileEncoding = 4; lastKnownFileType = sourcecode.c.h; path = SCMacro.h; sourceTree = "<group>"; };
		B7DED3861957D47D00A2D5C0 /* SCSingleton.h */ = {isa = PBXFileReference; fileEncoding = 4; lastKnownFileType = sourcecode.c.h; path = SCSingleton.h; sourceTree = "<group>"; };
		B7DED38A1957D47D00A2D5C0 /* SCCTNavigationController.h */ = {isa = PBXFileReference; fileEncoding = 4; lastKnownFileType = sourcecode.c.h; path = SCCTNavigationController.h; sourceTree = "<group>"; };
		B7DED38B1957D47D00A2D5C0 /* SCCTNavigationController.m */ = {isa = PBXFileReference; fileEncoding = 4; lastKnownFileType = sourcecode.c.objc; path = SCCTNavigationController.m; sourceTree = "<group>"; };
		B7DED38C1957D47D00A2D5C0 /* SCCTNavigationControllerDelegateManager.h */ = {isa = PBXFileReference; fileEncoding = 4; lastKnownFileType = sourcecode.c.h; path = SCCTNavigationControllerDelegateManager.h; sourceTree = "<group>"; };
		B7DED38D1957D47D00A2D5C0 /* SCCTNavigationControllerDelegateManager.m */ = {isa = PBXFileReference; fileEncoding = 4; lastKnownFileType = sourcecode.c.objc; path = SCCTNavigationControllerDelegateManager.m; sourceTree = "<group>"; };
		B7DED38E1957D47D00A2D5C0 /* SCDBNavigationController.h */ = {isa = PBXFileReference; fileEncoding = 4; lastKnownFileType = sourcecode.c.h; path = SCDBNavigationController.h; sourceTree = "<group>"; };
		B7DED38F1957D47D00A2D5C0 /* SCDBNavigationController.m */ = {isa = PBXFileReference; fileEncoding = 4; lastKnownFileType = sourcecode.c.objc; path = SCDBNavigationController.m; sourceTree = "<group>"; };
		B7DED3901957D47D00A2D5C0 /* SCNavigationController.h */ = {isa = PBXFileReference; fileEncoding = 4; lastKnownFileType = sourcecode.c.h; path = SCNavigationController.h; sourceTree = "<group>"; };
		B7DED3911957D47D00A2D5C0 /* SCNavigationController.m */ = {isa = PBXFileReference; fileEncoding = 4; lastKnownFileType = sourcecode.c.objc; path = SCNavigationController.m; sourceTree = "<group>"; };
		B7DED3921957D47D00A2D5C0 /* SCViewControllerTransition.h */ = {isa = PBXFileReference; fileEncoding = 4; lastKnownFileType = sourcecode.c.h; path = SCViewControllerTransition.h; sourceTree = "<group>"; };
		B7DED3931957D47D00A2D5C0 /* SCViewControllerTransitionAnimator.h */ = {isa = PBXFileReference; fileEncoding = 4; lastKnownFileType = sourcecode.c.h; path = SCViewControllerTransitionAnimator.h; sourceTree = "<group>"; };
		B7DED3941957D47D00A2D5C0 /* SCViewControllerTransitionAnimator.m */ = {isa = PBXFileReference; fileEncoding = 4; lastKnownFileType = sourcecode.c.objc; path = SCViewControllerTransitionAnimator.m; sourceTree = "<group>"; };
		B7DED3961957D47D00A2D5C0 /* SCTabBarController.h */ = {isa = PBXFileReference; fileEncoding = 4; lastKnownFileType = sourcecode.c.h; path = SCTabBarController.h; sourceTree = "<group>"; };
		B7DED3971957D47D00A2D5C0 /* SCTabBarController.m */ = {isa = PBXFileReference; fileEncoding = 4; lastKnownFileType = sourcecode.c.objc; path = SCTabBarController.m; sourceTree = "<group>"; };
		B7DED3991957D47D00A2D5C0 /* SCTableViewController.h */ = {isa = PBXFileReference; fileEncoding = 4; lastKnownFileType = sourcecode.c.h; path = SCTableViewController.h; sourceTree = "<group>"; };
		B7DED39A1957D47D00A2D5C0 /* SCTableViewController.m */ = {isa = PBXFileReference; fileEncoding = 4; lastKnownFileType = sourcecode.c.objc; path = SCTableViewController.m; sourceTree = "<group>"; };
		B7DED39C1957D47D00A2D5C0 /* SCViewController.h */ = {isa = PBXFileReference; fileEncoding = 4; lastKnownFileType = sourcecode.c.h; path = SCViewController.h; sourceTree = "<group>"; };
		B7DED39D1957D47D00A2D5C0 /* SCViewController.m */ = {isa = PBXFileReference; fileEncoding = 4; lastKnownFileType = sourcecode.c.objc; path = SCViewController.m; sourceTree = "<group>"; };
		B7DED3A01957D47D00A2D5C0 /* SCButton.h */ = {isa = PBXFileReference; fileEncoding = 4; lastKnownFileType = sourcecode.c.h; path = SCButton.h; sourceTree = "<group>"; };
		B7DED3A11957D47D00A2D5C0 /* SCButton.m */ = {isa = PBXFileReference; fileEncoding = 4; lastKnownFileType = sourcecode.c.objc; path = SCButton.m; sourceTree = "<group>"; };
		B7DED3A31957D47D00A2D5C0 /* SCDatePicker.h */ = {isa = PBXFileReference; fileEncoding = 4; lastKnownFileType = sourcecode.c.h; path = SCDatePicker.h; sourceTree = "<group>"; };
		B7DED3A41957D47D00A2D5C0 /* SCDatePicker.m */ = {isa = PBXFileReference; fileEncoding = 4; lastKnownFileType = sourcecode.c.objc; path = SCDatePicker.m; sourceTree = "<group>"; };
		B7DED3A61957D47D00A2D5C0 /* SCLabel.h */ = {isa = PBXFileReference; fileEncoding = 4; lastKnownFileType = sourcecode.c.h; path = SCLabel.h; sourceTree = "<group>"; };
		B7DED3A71957D47D00A2D5C0 /* SCLabel.m */ = {isa = PBXFileReference; fileEncoding = 4; lastKnownFileType = sourcecode.c.objc; path = SCLabel.m; sourceTree = "<group>"; };
		B7DED3A91957D47D00A2D5C0 /* SCPickerView.h */ = {isa = PBXFileReference; fileEncoding = 4; lastKnownFileType = sourcecode.c.h; path = SCPickerView.h; sourceTree = "<group>"; };
		B7DED3AA1957D47D00A2D5C0 /* SCPickerView.m */ = {isa = PBXFileReference; fileEncoding = 4; lastKnownFileType = sourcecode.c.objc; path = SCPickerView.m; sourceTree = "<group>"; };
		B7DED3AC1957D47D00A2D5C0 /* SCScrollView.h */ = {isa = PBXFileReference; fileEncoding = 4; lastKnownFileType = sourcecode.c.h; path = SCScrollView.h; sourceTree = "<group>"; };
		B7DED3AD1957D47D00A2D5C0 /* SCScrollView.m */ = {isa = PBXFileReference; fileEncoding = 4; lastKnownFileType = sourcecode.c.objc; path = SCScrollView.m; sourceTree = "<group>"; };
		B7DED3AF1957D47D00A2D5C0 /* SCCircleView.h */ = {isa = PBXFileReference; fileEncoding = 4; lastKnownFileType = sourcecode.c.h; path = SCCircleView.h; sourceTree = "<group>"; };
		B7DED3B01957D47D00A2D5C0 /* SCCircleView.m */ = {isa = PBXFileReference; fileEncoding = 4; lastKnownFileType = sourcecode.c.objc; path = SCCircleView.m; sourceTree = "<group>"; };
		B7DED3B11957D47D00A2D5C0 /* SCExpandTableView.h */ = {isa = PBXFileReference; fileEncoding = 4; lastKnownFileType = sourcecode.c.h; path = SCExpandTableView.h; sourceTree = "<group>"; };
		B7DED3B21957D47D00A2D5C0 /* SCExpandTableView.m */ = {isa = PBXFileReference; fileEncoding = 4; lastKnownFileType = sourcecode.c.objc; path = SCExpandTableView.m; sourceTree = "<group>"; };
		B7DED3B31957D47D00A2D5C0 /* SCPullLoadView.h */ = {isa = PBXFileReference; fileEncoding = 4; lastKnownFileType = sourcecode.c.h; path = SCPullLoadView.h; sourceTree = "<group>"; };
		B7DED3B41957D47D00A2D5C0 /* SCPullLoadView.m */ = {isa = PBXFileReference; fileEncoding = 4; lastKnownFileType = sourcecode.c.objc; path = SCPullLoadView.m; sourceTree = "<group>"; };
		B7DED3B51957D47D00A2D5C0 /* SCPullRefreshView.h */ = {isa = PBXFileReference; fileEncoding = 4; lastKnownFileType = sourcecode.c.h; path = SCPullRefreshView.h; sourceTree = "<group>"; };
		B7DED3B61957D47D00A2D5C0 /* SCPullRefreshView.m */ = {isa = PBXFileReference; fileEncoding = 4; lastKnownFileType = sourcecode.c.objc; path = SCPullRefreshView.m; sourceTree = "<group>"; };
		B7DED3B71957D47D00A2D5C0 /* SCTableView.h */ = {isa = PBXFileReference; fileEncoding = 4; lastKnownFileType = sourcecode.c.h; path = SCTableView.h; sourceTree = "<group>"; };
		B7DED3B81957D47D00A2D5C0 /* SCTableView.m */ = {isa = PBXFileReference; fileEncoding = 4; lastKnownFileType = sourcecode.c.objc; path = SCTableView.m; sourceTree = "<group>"; };
		B7DED3BA1957D47D00A2D5C0 /* SCExpandTableViewCell.h */ = {isa = PBXFileReference; fileEncoding = 4; lastKnownFileType = sourcecode.c.h; path = SCExpandTableViewCell.h; sourceTree = "<group>"; };
		B7DED3BB1957D47D00A2D5C0 /* SCExpandTableViewCell.m */ = {isa = PBXFileReference; fileEncoding = 4; lastKnownFileType = sourcecode.c.objc; path = SCExpandTableViewCell.m; sourceTree = "<group>"; };
		B7DED3BC1957D47D00A2D5C0 /* SCTableViewCell.h */ = {isa = PBXFileReference; fileEncoding = 4; lastKnownFileType = sourcecode.c.h; path = SCTableViewCell.h; sourceTree = "<group>"; };
		B7DED3BD1957D47D00A2D5C0 /* SCTableViewCell.m */ = {isa = PBXFileReference; fileEncoding = 4; lastKnownFileType = sourcecode.c.objc; path = SCTableViewCell.m; sourceTree = "<group>"; };
		B7DED3BF1957D47D00A2D5C0 /* SCTextField.h */ = {isa = PBXFileReference; fileEncoding = 4; lastKnownFileType = sourcecode.c.h; path = SCTextField.h; sourceTree = "<group>"; };
		B7DED3C01957D47D00A2D5C0 /* SCTextField.m */ = {isa = PBXFileReference; fileEncoding = 4; lastKnownFileType = sourcecode.c.objc; path = SCTextField.m; sourceTree = "<group>"; };
		B7DED3C21957D47D00A2D5C0 /* SCTextView.h */ = {isa = PBXFileReference; fileEncoding = 4; lastKnownFileType = sourcecode.c.h; path = SCTextView.h; sourceTree = "<group>"; };
		B7DED3C31957D47D00A2D5C0 /* SCTextView.m */ = {isa = PBXFileReference; fileEncoding = 4; lastKnownFileType = sourcecode.c.objc; path = SCTextView.m; sourceTree = "<group>"; };
		B7DED3C51957D47D00A2D5C0 /* SCView.h */ = {isa = PBXFileReference; fileEncoding = 4; lastKnownFileType = sourcecode.c.h; path = SCView.h; sourceTree = "<group>"; };
		B7DED3C61957D47D00A2D5C0 /* SCView.m */ = {isa = PBXFileReference; fileEncoding = 4; lastKnownFileType = sourcecode.c.objc; path = SCView.m; sourceTree = "<group>"; };
		B7E640AA19A478340019D963 /* NSTimer+SCAddition.h */ = {isa = PBXFileReference; fileEncoding = 4; lastKnownFileType = sourcecode.c.h; path = "NSTimer+SCAddition.h"; sourceTree = "<group>"; };
		B7E640AB19A478340019D963 /* NSTimer+SCAddition.m */ = {isa = PBXFileReference; fileEncoding = 4; lastKnownFileType = sourcecode.c.objc; path = "NSTimer+SCAddition.m"; sourceTree = "<group>"; };
		B7E640AD19A478520019D963 /* SCBrowseViewPage.h */ = {isa = PBXFileReference; fileEncoding = 4; lastKnownFileType = sourcecode.c.h; path = SCBrowseViewPage.h; sourceTree = "<group>"; };
		B7E640AE19A478520019D963 /* SCBrowseViewPage.m */ = {isa = PBXFileReference; fileEncoding = 4; lastKnownFileType = sourcecode.c.objc; path = SCBrowseViewPage.m; sourceTree = "<group>"; };
		B7F300351962529800921CFD /* UINavigationItem+SCAddition.h */ = {isa = PBXFileReference; fileEncoding = 4; lastKnownFileType = sourcecode.c.h; path = "UINavigationItem+SCAddition.h"; sourceTree = "<group>"; };
		B7F300361962529800921CFD /* UINavigationItem+SCAddition.m */ = {isa = PBXFileReference; fileEncoding = 4; lastKnownFileType = sourcecode.c.objc; path = "UINavigationItem+SCAddition.m"; sourceTree = "<group>"; };
		DD699A7A7BE03FFCE0BB4B68 /* libPods.a */ = {isa = PBXFileReference; explicitFileType = archive.ar; includeInIndex = 0; path = libPods.a; sourceTree = BUILT_PRODUCTS_DIR; };
/* End PBXFileReference section */

/* Begin PBXFrameworksBuildPhase section */
		B72AF3CE18C5655100621B34 /* Frameworks */ = {
			isa = PBXFrameworksBuildPhase;
			buildActionMask = 2147483647;
			files = (
				B730F7D91921B9CA00CBB1E8 /* JavaScriptCore.framework in Frameworks */,
				B71EE5A91910CB9100590A9D /* AVFoundation.framework in Frameworks */,
				B71EE5A71910CB3500590A9D /* CoreMedia.framework in Frameworks */,
				B7531D8718C734B100D701BF /* libz.dylib in Frameworks */,
				B705E09D18C6CAAE00AC6B5E /* CoreData.framework in Frameworks */,
				B72AF3D718C5655100621B34 /* CoreGraphics.framework in Frameworks */,
				B72AF3D918C5655100621B34 /* UIKit.framework in Frameworks */,
				B72AF3D518C5655100621B34 /* Foundation.framework in Frameworks */,
				91CE001E8CA9A4A714C1262B /* libPods.a in Frameworks */,
			);
			runOnlyForDeploymentPostprocessing = 0;
		};
		B72AF3EF18C5655100621B34 /* Frameworks */ = {
			isa = PBXFrameworksBuildPhase;
			buildActionMask = 2147483647;
			files = (
				B72AF3F418C5655100621B34 /* XCTest.framework in Frameworks */,
				B72AF3F618C5655100621B34 /* UIKit.framework in Frameworks */,
				B72AF3F518C5655100621B34 /* Foundation.framework in Frameworks */,
			);
			runOnlyForDeploymentPostprocessing = 0;
		};
/* End PBXFrameworksBuildPhase section */

/* Begin PBXGroup section */
		B7271A6E1974BE6B00FDFA72 /* VersionManager */ = {
			isa = PBXGroup;
			children = (
				B7271A6F1974BE9100FDFA72 /* SCVersionManager.h */,
				B7271A701974BE9100FDFA72 /* SCVersionManager.m */,
			);
			path = VersionManager;
			sourceTree = "<group>";
		};
		B72AF3C818C5655100621B34 = {
			isa = PBXGroup;
			children = (
				B72AF3DA18C5655100621B34 /* SCFramework */,
				B72AF3F918C5655100621B34 /* SCFrameworkTests */,
				B72AF3D318C5655100621B34 /* Frameworks */,
				B72AF3D218C5655100621B34 /* Products */,
				D779330FBA6143000BD9E0BE /* Pods */,
			);
			sourceTree = "<group>";
		};
		B72AF3D218C5655100621B34 /* Products */ = {
			isa = PBXGroup;
			children = (
				B72AF3D118C5655100621B34 /* SCFramework.app */,
				B72AF3F218C5655100621B34 /* SCFrameworkTests.xctest */,
			);
			name = Products;
			sourceTree = "<group>";
		};
		B72AF3D318C5655100621B34 /* Frameworks */ = {
			isa = PBXGroup;
			children = (
				B730F7D81921B9CA00CBB1E8 /* JavaScriptCore.framework */,
				B71EE5A81910CB9100590A9D /* AVFoundation.framework */,
				B71EE5A61910CB3500590A9D /* CoreMedia.framework */,
				B7531D8618C734B100D701BF /* libz.dylib */,
				B705E09C18C6CAAE00AC6B5E /* CoreData.framework */,
				B72AF3D418C5655100621B34 /* Foundation.framework */,
				B72AF3D618C5655100621B34 /* CoreGraphics.framework */,
				B72AF3D818C5655100621B34 /* UIKit.framework */,
				B72AF3F318C5655100621B34 /* XCTest.framework */,
				DD699A7A7BE03FFCE0BB4B68 /* libPods.a */,
			);
			name = Frameworks;
			sourceTree = "<group>";
		};
		B72AF3DA18C5655100621B34 /* SCFramework */ = {
			isa = PBXGroup;
			children = (
				B7DED3381957D47D00A2D5C0 /* SCFramework */,
				B7F792D318C5A15700696D45 /* Classes */,
				B72AF3E918C5655100621B34 /* AppDelegate.h */,
				B72AF3EA18C5655100621B34 /* AppDelegate.m */,
				B707FA8118CDA1B500413B64 /* SCDemoListViewController.h */,
				B707FA8218CDA1B500413B64 /* SCDemoListViewController.m */,
				B75DAF83191B83230011E917 /* SCDemoDetailViewController.h */,
				B75DAF84191B83230011E917 /* SCDemoDetailViewController.m */,
				B72AF3EC18C5655100621B34 /* Images.xcassets */,
				B72AF3DD18C5655100621B34 /* Supporting Files */,
			);
			path = SCFramework;
			sourceTree = "<group>";
		};
		B72AF3DD18C5655100621B34 /* Supporting Files */ = {
			isa = PBXGroup;
			children = (
				B779D1FC1B4E607500743758 /* SCFramework.podspec */,
				B71EE5AC1910D73D00590A9D /* Test.jpeg */,
				B71EE5AA1910D69000590A9D /* TestPic.jpg */,
				B72AF3DE18C5655100621B34 /* SCFramework-Prefix.pch */,
				B72AF3E318C5655100621B34 /* SCFramework-Info.plist */,
				B72AF3E418C5655100621B34 /* InfoPlist.strings */,
				B72AF3E718C5655100621B34 /* main.m */,
			);
			name = "Supporting Files";
			sourceTree = "<group>";
		};
		B72AF3F918C5655100621B34 /* SCFrameworkTests */ = {
			isa = PBXGroup;
			children = (
				B72AF3FF18C5655100621B34 /* SCFrameworkTests.m */,
				B72AF3FA18C5655100621B34 /* Supporting Files */,
			);
			path = SCFrameworkTests;
			sourceTree = "<group>";
		};
		B72AF3FA18C5655100621B34 /* Supporting Files */ = {
			isa = PBXGroup;
			children = (
				B72AF3FB18C5655100621B34 /* SCFrameworkTests-Info.plist */,
				B72AF3FC18C5655100621B34 /* InfoPlist.strings */,
			);
			name = "Supporting Files";
			sourceTree = "<group>";
		};
		B72C84A419F4A5DF0026225D /* LocationManager */ = {
			isa = PBXGroup;
			children = (
				B72C84A519F4A61C0026225D /* SCLocationManager.h */,
				B72C84A619F4A61C0026225D /* SCLocationManager.m */,
			);
			path = LocationManager;
			sourceTree = "<group>";
		};
		B73230DE1A353E75009C16D8 /* SCActionSheet */ = {
			isa = PBXGroup;
			children = (
				B73230E31A353EA4009C16D8 /* SCActionSheet.h */,
				B73230E41A353EA4009C16D8 /* SCActionSheet.m */,
			);
			path = SCActionSheet;
			sourceTree = "<group>";
		};
		B73230DF1A353E75009C16D8 /* SCAlertView */ = {
			isa = PBXGroup;
			children = (
				B73230E01A353E8C009C16D8 /* SCAlertView.h */,
				B73230E11A353E8C009C16D8 /* SCAlertView.m */,
			);
			path = SCAlertView;
			sourceTree = "<group>";
		};
		B75C05971B16C83700B5C012 /* SCPageViewController */ = {
			isa = PBXGroup;
			children = (
				B75C05981B16C84C00B5C012 /* SCPageViewController.h */,
				B75C05991B16C84C00B5C012 /* SCPageViewController.m */,
			);
			path = SCPageViewController;
			sourceTree = "<group>";
		};
		B7645720196BC902009302C2 /* ImagePickerManager */ = {
			isa = PBXGroup;
			children = (
				B7645721196BC902009302C2 /* SCImagePickerManager.h */,
				B7645722196BC902009302C2 /* SCImagePickerManager.m */,
			);
			path = ImagePickerManager;
			sourceTree = "<group>";
		};
		B7AF798719A6E89A0041F724 /* Utils */ = {
			isa = PBXGroup;
			children = (
				B7AF798819A6E8AA0041F724 /* SCUtils.h */,
				B7AF798919A6E8AA0041F724 /* SCUtils.m */,
			);
			path = Utils;
			sourceTree = "<group>";
		};
		B7B70C5019D11B16000D4472 /* SCToolbar */ = {
			isa = PBXGroup;
			children = (
				B7B70C5119D11B25000D4472 /* SCToolbar.h */,
				B7B70C5219D11B25000D4472 /* SCToolbar.m */,
			);
			path = SCToolbar;
			sourceTree = "<group>";
		};
		B7C2268319760BF700BEF1B2 /* SCPageControl */ = {
			isa = PBXGroup;
			children = (
				B7C2268419760BF700BEF1B2 /* SCPageControl.h */,
				B7C2268519760BF700BEF1B2 /* SCPageControl.m */,
			);
			path = SCPageControl;
			sourceTree = "<group>";
		};
		B7DED3381957D47D00A2D5C0 /* SCFramework */ = {
			isa = PBXGroup;
			children = (
				B7DED3821957D47D00A2D5C0 /* SCConfig.h */,
				B7DED3831957D47D00A2D5C0 /* SCFramework.h */,
				B7DED3841957D47D00A2D5C0 /* SCLog.h */,
				B7DED3851957D47D00A2D5C0 /* SCMacro.h */,
				B7DED3861957D47D00A2D5C0 /* SCSingleton.h */,
				B724307119F5246800013D7D /* SCFWLocalizable.strings */,
				B724306219F5243700013D7D /* SCFramework.xcassets */,
				B7DED3391957D47D00A2D5C0 /* Adapted */,
				B7DED3401957D47D00A2D5C0 /* Category */,
				B7DED35B1957D47D00A2D5C0 /* Common */,
				B7DED3671957D47D00A2D5C0 /* Constant */,
				B7DED36A1957D47D00A2D5C0 /* Manager */,
				B7DED3871957D47D00A2D5C0 /* Vendor */,
				B7DED3881957D47D00A2D5C0 /* ViewControllers */,
				B7DED39E1957D47D00A2D5C0 /* Views */,
			);
			path = SCFramework;
			sourceTree = "<group>";
		};
		B7DED3391957D47D00A2D5C0 /* Adapted */ = {
			isa = PBXGroup;
			children = (
				B7DED33A1957D47D00A2D5C0 /* AdaptedDevice */,
				B7DED33D1957D47D00A2D5C0 /* AdaptedSystem */,
			);
			path = Adapted;
			sourceTree = "<group>";
		};
		B7DED33A1957D47D00A2D5C0 /* AdaptedDevice */ = {
			isa = PBXGroup;
			children = (
				B7DED33B1957D47D00A2D5C0 /* SCAdaptedDevice.h */,
				B7DED33C1957D47D00A2D5C0 /* SCAdaptedDevice.m */,
			);
			path = AdaptedDevice;
			sourceTree = "<group>";
		};
		B7DED33D1957D47D00A2D5C0 /* AdaptedSystem */ = {
			isa = PBXGroup;
			children = (
				B7DED33E1957D47D00A2D5C0 /* SCAdaptedSystem.h */,
				B7DED33F1957D47D00A2D5C0 /* SCAdaptedSystem.m */,
			);
			path = AdaptedSystem;
			sourceTree = "<group>";
		};
		B7DED3401957D47D00A2D5C0 /* Category */ = {
			isa = PBXGroup;
			children = (
				B7DED3411957D47D00A2D5C0 /* NSArray+SCAddition.h */,
				B7DED3421957D47D00A2D5C0 /* NSArray+SCAddition.m */,
				B7DED3431957D47D00A2D5C0 /* NSData+SCAddition.h */,
				B7DED3441957D47D00A2D5C0 /* NSData+SCAddition.m */,
				B7DED3451957D47D00A2D5C0 /* NSDate+SCAddition.h */,
				B7DED3461957D47D00A2D5C0 /* NSDate+SCAddition.m */,
				B7DED3471957D47D00A2D5C0 /* NSDictionary+SCAddition.h */,
				B7DED3481957D47D00A2D5C0 /* NSDictionary+SCAddition.m */,
				B7DED3491957D47D00A2D5C0 /* NSObject+SCAddition.h */,
				B7DED34A1957D47D00A2D5C0 /* NSObject+SCAddition.m */,
				B7DED34B1957D47D00A2D5C0 /* NSString+SCAddition.h */,
				B7DED34C1957D47D00A2D5C0 /* NSString+SCAddition.m */,
				B7DED34D1957D47D00A2D5C0 /* NSURL+SCAddition.h */,
				B7DED34E1957D47D00A2D5C0 /* NSURL+SCAddition.m */,
				B7DED34F1957D47D00A2D5C0 /* UIAlertView+SCAddition.h */,
				B7DED3501957D47D00A2D5C0 /* UIAlertView+SCAddition.m */,
				B7DED3511957D47D00A2D5C0 /* UIColor+SCAddition.h */,
				B7DED3521957D47D00A2D5C0 /* UIColor+SCAddition.m */,
				B7DED3531957D47D00A2D5C0 /* UIDevice+SCAddition.h */,
				B7DED3541957D47D00A2D5C0 /* UIDevice+SCAddition.m */,
				B7DED3551957D47D00A2D5C0 /* UIImage+SCAddition.h */,
				B7DED3561957D47D00A2D5C0 /* UIImage+SCAddition.m */,
				B7DED3571957D47D00A2D5C0 /* UINavigationController+SCAddition.h */,
				B7DED3581957D47D00A2D5C0 /* UINavigationController+SCAddition.m */,
				B7DED3591957D47D00A2D5C0 /* UIView+SCAddition.h */,
				B7DED35A1957D47D00A2D5C0 /* UIView+SCAddition.m */,
				B7F300351962529800921CFD /* UINavigationItem+SCAddition.h */,
				B7F300361962529800921CFD /* UINavigationItem+SCAddition.m */,
				B7C2268A19762AF000BEF1B2 /* UIScreen+SCAddition.h */,
				B7C2268B19762AF000BEF1B2 /* UIScreen+SCAddition.m */,
				B7E640AA19A478340019D963 /* NSTimer+SCAddition.h */,
				B7E640AB19A478340019D963 /* NSTimer+SCAddition.m */,
				B7B70C5819D11E56000D4472 /* UIBarButtonItem+SCAddition.h */,
				B7B70C5919D11E56000D4472 /* UIBarButtonItem+SCAddition.m */,
				B725A02219D53D0800C92315 /* UITableView+SCAddition.h */,
				B725A02319D53D0800C92315 /* UITableView+SCAddition.m */,
			);
			path = Category;
			sourceTree = "<group>";
		};
		B7DED35B1957D47D00A2D5C0 /* Common */ = {
			isa = PBXGroup;
			children = (
				B7AF798719A6E89A0041F724 /* Utils */,
				B7DED35C1957D47D00A2D5C0 /* App */,
				B7DED35F1957D47D00A2D5C0 /* Foundation */,
				B7DED3641957D47D00A2D5C0 /* Math */,
			);
			path = Common;
			sourceTree = "<group>";
		};
		B7DED35C1957D47D00A2D5C0 /* App */ = {
			isa = PBXGroup;
			children = (
				B7DED35D1957D47D00A2D5C0 /* SCApp.h */,
				B7DED35E1957D47D00A2D5C0 /* SCApp.m */,
			);
			path = App;
			sourceTree = "<group>";
		};
		B7DED35F1957D47D00A2D5C0 /* Foundation */ = {
			isa = PBXGroup;
			children = (
				B74181151A834EBB00AD2169 /* SCJSONSerializing.h */,
				B7DED3601957D47D00A2D5C0 /* SCModel.h */,
				B7DED3611957D47D00A2D5C0 /* SCModel.m */,
				B7DED3621957D47D00A2D5C0 /* SCNSJSONSerialization.h */,
				B7DED3631957D47D00A2D5C0 /* SCNSJSONSerialization.m */,
			);
			path = Foundation;
			sourceTree = "<group>";
		};
		B7DED3641957D47D00A2D5C0 /* Math */ = {
			isa = PBXGroup;
			children = (
				B7DED3651957D47D00A2D5C0 /* SCMath.h */,
				B7DED3661957D47D00A2D5C0 /* SCMath.m */,
			);
			path = Math;
			sourceTree = "<group>";
		};
		B7DED3671957D47D00A2D5C0 /* Constant */ = {
			isa = PBXGroup;
			children = (
				B7DED3681957D47D00A2D5C0 /* SCConstant.h */,
				B7DED3691957D47D00A2D5C0 /* SCConstant.m */,
			);
			path = Constant;
			sourceTree = "<group>";
		};
		B7DED36A1957D47D00A2D5C0 /* Manager */ = {
			isa = PBXGroup;
			children = (
				B7DED36B1957D47D00A2D5C0 /* DaoManager */,
				B7DED3741957D47D00A2D5C0 /* DateManager */,
				B7DED3771957D47D00A2D5C0 /* FileManager */,
				B7645720196BC902009302C2 /* ImagePickerManager */,
				B72C84A419F4A5DF0026225D /* LocationManager */,
				B7DED37A1957D47D00A2D5C0 /* UserDefaultManager */,
				B7271A6E1974BE6B00FDFA72 /* VersionManager */,
			);
			path = Manager;
			sourceTree = "<group>";
		};
		B7DED36B1957D47D00A2D5C0 /* DaoManager */ = {
			isa = PBXGroup;
			children = (
				B7DED36C1957D47D00A2D5C0 /* NSFetchRequest+SCDaoAddition.h */,
				B7DED36D1957D47D00A2D5C0 /* NSFetchRequest+SCDaoAddition.m */,
				B7DED36E1957D47D00A2D5C0 /* NSManagedObject+SCDaoAddition.h */,
				B7DED36F1957D47D00A2D5C0 /* NSManagedObject+SCDaoAddition.m */,
				B7DED3701957D47D00A2D5C0 /* SCCoreDataManager.h */,
				B7DED3711957D47D00A2D5C0 /* SCCoreDataManager.m */,
				B7DED3721957D47D00A2D5C0 /* SCDaoManager.h */,
				B7DED3731957D47D00A2D5C0 /* SCDaoManager.m */,
				B7AF797B19A5DE270041F724 /* SCDatabase.h */,
				B7AF797C19A5DE270041F724 /* SCDatabase.m */,
				B7141FFB19A74EF3006C510C /* SCDatabaseModel.h */,
				B73EDD781A5E67EF0024E33E /* SCKeyValueStore.h */,
				B73EDD791A5E67EF0024E33E /* SCKeyValueStore.m */,
			);
			path = DaoManager;
			sourceTree = "<group>";
		};
		B7DED3741957D47D00A2D5C0 /* DateManager */ = {
			isa = PBXGroup;
			children = (
				B7DED3751957D47D00A2D5C0 /* SCDateManager.h */,
				B7DED3761957D47D00A2D5C0 /* SCDateManager.m */,
			);
			path = DateManager;
			sourceTree = "<group>";
		};
		B7DED3771957D47D00A2D5C0 /* FileManager */ = {
			isa = PBXGroup;
			children = (
				B7DED3781957D47D00A2D5C0 /* SCFileManager.h */,
				B7DED3791957D47D00A2D5C0 /* SCFileManager.m */,
			);
			path = FileManager;
			sourceTree = "<group>";
		};
		B7DED37A1957D47D00A2D5C0 /* UserDefaultManager */ = {
			isa = PBXGroup;
			children = (
				B7DED37B1957D47D00A2D5C0 /* SCUserDefaultManager.h */,
				B7DED37C1957D47D00A2D5C0 /* SCUserDefaultManager.m */,
			);
			path = UserDefaultManager;
			sourceTree = "<group>";
		};
		B7DED3871957D47D00A2D5C0 /* Vendor */ = {
			isa = PBXGroup;
			children = (
			);
			path = Vendor;
			sourceTree = "<group>";
		};
		B7DED3881957D47D00A2D5C0 /* ViewControllers */ = {
			isa = PBXGroup;
			children = (
				B7DED3891957D47D00A2D5C0 /* SCNavigationController */,
				B75C05971B16C83700B5C012 /* SCPageViewController */,
				B7DED3951957D47D00A2D5C0 /* SCTabBarController */,
				B7DED3981957D47D00A2D5C0 /* SCTableViewController */,
				B7DED39B1957D47D00A2D5C0 /* SCViewController */,
			);
			path = ViewControllers;
			sourceTree = "<group>";
		};
		B7DED3891957D47D00A2D5C0 /* SCNavigationController */ = {
			isa = PBXGroup;
			children = (
				B7DED38A1957D47D00A2D5C0 /* SCCTNavigationController.h */,
				B7DED38B1957D47D00A2D5C0 /* SCCTNavigationController.m */,
				B7DED38C1957D47D00A2D5C0 /* SCCTNavigationControllerDelegateManager.h */,
				B7DED38D1957D47D00A2D5C0 /* SCCTNavigationControllerDelegateManager.m */,
				B7DED38E1957D47D00A2D5C0 /* SCDBNavigationController.h */,
				B7DED38F1957D47D00A2D5C0 /* SCDBNavigationController.m */,
				B7DED3901957D47D00A2D5C0 /* SCNavigationController.h */,
				B7DED3911957D47D00A2D5C0 /* SCNavigationController.m */,
				B7DED3921957D47D00A2D5C0 /* SCViewControllerTransition.h */,
				B7DED3931957D47D00A2D5C0 /* SCViewControllerTransitionAnimator.h */,
				B7DED3941957D47D00A2D5C0 /* SCViewControllerTransitionAnimator.m */,
			);
			path = SCNavigationController;
			sourceTree = "<group>";
		};
		B7DED3951957D47D00A2D5C0 /* SCTabBarController */ = {
			isa = PBXGroup;
			children = (
				B7DED3961957D47D00A2D5C0 /* SCTabBarController.h */,
				B7DED3971957D47D00A2D5C0 /* SCTabBarController.m */,
			);
			path = SCTabBarController;
			sourceTree = "<group>";
		};
		B7DED3981957D47D00A2D5C0 /* SCTableViewController */ = {
			isa = PBXGroup;
			children = (
				B7DED3991957D47D00A2D5C0 /* SCTableViewController.h */,
				B7DED39A1957D47D00A2D5C0 /* SCTableViewController.m */,
			);
			path = SCTableViewController;
			sourceTree = "<group>";
		};
		B7DED39B1957D47D00A2D5C0 /* SCViewController */ = {
			isa = PBXGroup;
			children = (
				B7DED39C1957D47D00A2D5C0 /* SCViewController.h */,
				B7DED39D1957D47D00A2D5C0 /* SCViewController.m */,
			);
			path = SCViewController;
			sourceTree = "<group>";
		};
		B7DED39E1957D47D00A2D5C0 /* Views */ = {
			isa = PBXGroup;
			children = (
				B73230DE1A353E75009C16D8 /* SCActionSheet */,
				B73230DF1A353E75009C16D8 /* SCAlertView */,
				B7B70C5019D11B16000D4472 /* SCToolbar */,
				B7DED39F1957D47D00A2D5C0 /* SCButton */,
				B7DED3A21957D47D00A2D5C0 /* SCDatePicker */,
				B7DED3A51957D47D00A2D5C0 /* SCLabel */,
				B7DED3A81957D47D00A2D5C0 /* SCPickerView */,
				B7DED3AB1957D47D00A2D5C0 /* SCScrollView */,
				B7DED3AE1957D47D00A2D5C0 /* SCTableView */,
				B7DED3B91957D47D00A2D5C0 /* SCTableViewCell */,
				B7DED3BE1957D47D00A2D5C0 /* SCTextField */,
				B7DED3C11957D47D00A2D5C0 /* SCTextView */,
				B7DED3C41957D47D00A2D5C0 /* SCView */,
				B7C2268319760BF700BEF1B2 /* SCPageControl */,
			);
			path = Views;
			sourceTree = "<group>";
		};
		B7DED39F1957D47D00A2D5C0 /* SCButton */ = {
			isa = PBXGroup;
			children = (
				B7DED3A01957D47D00A2D5C0 /* SCButton.h */,
				B7DED3A11957D47D00A2D5C0 /* SCButton.m */,
			);
			path = SCButton;
			sourceTree = "<group>";
		};
		B7DED3A21957D47D00A2D5C0 /* SCDatePicker */ = {
			isa = PBXGroup;
			children = (
				B7DED3A31957D47D00A2D5C0 /* SCDatePicker.h */,
				B7DED3A41957D47D00A2D5C0 /* SCDatePicker.m */,
			);
			path = SCDatePicker;
			sourceTree = "<group>";
		};
		B7DED3A51957D47D00A2D5C0 /* SCLabel */ = {
			isa = PBXGroup;
			children = (
				B7DED3A61957D47D00A2D5C0 /* SCLabel.h */,
				B7DED3A71957D47D00A2D5C0 /* SCLabel.m */,
			);
			path = SCLabel;
			sourceTree = "<group>";
		};
		B7DED3A81957D47D00A2D5C0 /* SCPickerView */ = {
			isa = PBXGroup;
			children = (
				B7DED3A91957D47D00A2D5C0 /* SCPickerView.h */,
				B7DED3AA1957D47D00A2D5C0 /* SCPickerView.m */,
			);
			path = SCPickerView;
			sourceTree = "<group>";
		};
		B7DED3AB1957D47D00A2D5C0 /* SCScrollView */ = {
			isa = PBXGroup;
			children = (
				B7DED3AC1957D47D00A2D5C0 /* SCScrollView.h */,
				B7DED3AD1957D47D00A2D5C0 /* SCScrollView.m */,
				B73CD4841990B39A00D21CD0 /* SCBrowseView.h */,
				B73CD4851990B39A00D21CD0 /* SCBrowseView.m */,
				B7E640AD19A478520019D963 /* SCBrowseViewPage.h */,
				B7E640AE19A478520019D963 /* SCBrowseViewPage.m */,
				B745E7931B1EDF6B00E06BE6 /* SCCycleScrollView.h */,
				B745E7941B1EDF6B00E06BE6 /* SCCycleScrollView.m */,
			);
			path = SCScrollView;
			sourceTree = "<group>";
		};
		B7DED3AE1957D47D00A2D5C0 /* SCTableView */ = {
			isa = PBXGroup;
			children = (
				B7DED3AF1957D47D00A2D5C0 /* SCCircleView.h */,
				B7DED3B01957D47D00A2D5C0 /* SCCircleView.m */,
				B7DED3B11957D47D00A2D5C0 /* SCExpandTableView.h */,
				B7DED3B21957D47D00A2D5C0 /* SCExpandTableView.m */,
				B7DED3B31957D47D00A2D5C0 /* SCPullLoadView.h */,
				B7DED3B41957D47D00A2D5C0 /* SCPullLoadView.m */,
				B7DED3B51957D47D00A2D5C0 /* SCPullRefreshView.h */,
				B7DED3B61957D47D00A2D5C0 /* SCPullRefreshView.m */,
				B7DED3B71957D47D00A2D5C0 /* SCTableView.h */,
				B7DED3B81957D47D00A2D5C0 /* SCTableView.m */,
			);
			path = SCTableView;
			sourceTree = "<group>";
		};
		B7DED3B91957D47D00A2D5C0 /* SCTableViewCell */ = {
			isa = PBXGroup;
			children = (
				B7DED3BA1957D47D00A2D5C0 /* SCExpandTableViewCell.h */,
				B7DED3BB1957D47D00A2D5C0 /* SCExpandTableViewCell.m */,
				B7DED3BC1957D47D00A2D5C0 /* SCTableViewCell.h */,
				B7DED3BD1957D47D00A2D5C0 /* SCTableViewCell.m */,
			);
			path = SCTableViewCell;
			sourceTree = "<group>";
		};
		B7DED3BE1957D47D00A2D5C0 /* SCTextField */ = {
			isa = PBXGroup;
			children = (
				B7DED3BF1957D47D00A2D5C0 /* SCTextField.h */,
				B7DED3C01957D47D00A2D5C0 /* SCTextField.m */,
			);
			path = SCTextField;
			sourceTree = "<group>";
		};
		B7DED3C11957D47D00A2D5C0 /* SCTextView */ = {
			isa = PBXGroup;
			children = (
				B7DED3C21957D47D00A2D5C0 /* SCTextView.h */,
				B7DED3C31957D47D00A2D5C0 /* SCTextView.m */,
			);
			path = SCTextView;
			sourceTree = "<group>";
		};
		B7DED3C41957D47D00A2D5C0 /* SCView */ = {
			isa = PBXGroup;
			children = (
				B7DED3C51957D47D00A2D5C0 /* SCView.h */,
				B7DED3C61957D47D00A2D5C0 /* SCView.m */,
				B7653F6119CC207300A2AAB5 /* SCActionView.h */,
				B7653F6219CC207300A2AAB5 /* SCActionView.m */,
			);
			path = SCView;
			sourceTree = "<group>";
		};
		B7F792D318C5A15700696D45 /* Classes */ = {
			isa = PBXGroup;
			children = (
			);
			path = Classes;
			sourceTree = "<group>";
		};
		D779330FBA6143000BD9E0BE /* Pods */ = {
			isa = PBXGroup;
			children = (
				6C0C92BEB5AD5FDF3951A522 /* Pods.debug.xcconfig */,
				B7D9A0692EE6DA81624DA5BD /* Pods.release.xcconfig */,
			);
			name = Pods;
			sourceTree = "<group>";
		};
/* End PBXGroup section */

/* Begin PBXNativeTarget section */
		B72AF3D018C5655100621B34 /* SCFramework */ = {
			isa = PBXNativeTarget;
			buildConfigurationList = B72AF40318C5655100621B34 /* Build configuration list for PBXNativeTarget "SCFramework" */;
			buildPhases = (
				793F85E834E3B3DCA87DAC72 /* Check Pods Manifest.lock */,
				B72AF3CD18C5655100621B34 /* Sources */,
				B72AF3CE18C5655100621B34 /* Frameworks */,
				B72AF3CF18C5655100621B34 /* Resources */,
				D956854C7582753F0FF1B2F0 /* Copy Pods Resources */,
			);
			buildRules = (
			);
			dependencies = (
			);
			name = SCFramework;
			productName = SCFramework;
			productReference = B72AF3D118C5655100621B34 /* SCFramework.app */;
			productType = "com.apple.product-type.application";
		};
		B72AF3F118C5655100621B34 /* SCFrameworkTests */ = {
			isa = PBXNativeTarget;
			buildConfigurationList = B72AF40618C5655100621B34 /* Build configuration list for PBXNativeTarget "SCFrameworkTests" */;
			buildPhases = (
				B72AF3EE18C5655100621B34 /* Sources */,
				B72AF3EF18C5655100621B34 /* Frameworks */,
				B72AF3F018C5655100621B34 /* Resources */,
			);
			buildRules = (
			);
			dependencies = (
				B72AF3F818C5655100621B34 /* PBXTargetDependency */,
			);
			name = SCFrameworkTests;
			productName = SCFrameworkTests;
			productReference = B72AF3F218C5655100621B34 /* SCFrameworkTests.xctest */;
			productType = "com.apple.product-type.bundle.unit-test";
		};
/* End PBXNativeTarget section */

/* Begin PBXProject section */
		B72AF3C918C5655100621B34 /* Project object */ = {
			isa = PBXProject;
			attributes = {
				CLASSPREFIX = SC;
				LastUpgradeCheck = 0600;
				ORGANIZATIONNAME = "Richer VC";
				TargetAttributes = {
					B72AF3F118C5655100621B34 = {
						TestTargetID = B72AF3D018C5655100621B34;
					};
				};
			};
			buildConfigurationList = B72AF3CC18C5655100621B34 /* Build configuration list for PBXProject "SCFramework" */;
			compatibilityVersion = "Xcode 3.2";
			developmentRegion = English;
			hasScannedForEncodings = 0;
			knownRegions = (
				en,
				"zh-Hans",
			);
			mainGroup = B72AF3C818C5655100621B34;
			productRefGroup = B72AF3D218C5655100621B34 /* Products */;
			projectDirPath = "";
			projectRoot = "";
			targets = (
				B72AF3D018C5655100621B34 /* SCFramework */,
				B72AF3F118C5655100621B34 /* SCFrameworkTests */,
			);
		};
/* End PBXProject section */

/* Begin PBXResourcesBuildPhase section */
		B72AF3CF18C5655100621B34 /* Resources */ = {
			isa = PBXResourcesBuildPhase;
			buildActionMask = 2147483647;
			files = (
				B72AF3ED18C5655100621B34 /* Images.xcassets in Resources */,
				B71EE5AB1910D69000590A9D /* TestPic.jpg in Resources */,
				B724306719F5243700013D7D /* SCFramework.xcassets in Resources */,
				B779D1FD1B4E607500743758 /* SCFramework.podspec in Resources */,
				B724307319F5246800013D7D /* SCFWLocalizable.strings in Resources */,
				B71EE5AD1910D73D00590A9D /* Test.jpeg in Resources */,
				B72AF3E618C5655100621B34 /* InfoPlist.strings in Resources */,
			);
			runOnlyForDeploymentPostprocessing = 0;
		};
		B72AF3F018C5655100621B34 /* Resources */ = {
			isa = PBXResourcesBuildPhase;
			buildActionMask = 2147483647;
			files = (
				B72AF3FE18C5655100621B34 /* InfoPlist.strings in Resources */,
			);
			runOnlyForDeploymentPostprocessing = 0;
		};
/* End PBXResourcesBuildPhase section */

/* Begin PBXShellScriptBuildPhase section */
		793F85E834E3B3DCA87DAC72 /* Check Pods Manifest.lock */ = {
			isa = PBXShellScriptBuildPhase;
			buildActionMask = 2147483647;
			files = (
			);
			inputPaths = (
			);
			name = "Check Pods Manifest.lock";
			outputPaths = (
			);
			runOnlyForDeploymentPostprocessing = 0;
			shellPath = /bin/sh;
			shellScript = "diff \"${PODS_ROOT}/../Podfile.lock\" \"${PODS_ROOT}/Manifest.lock\" > /dev/null\nif [[ $? != 0 ]] ; then\n    cat << EOM\nerror: The sandbox is not in sync with the Podfile.lock. Run 'pod install' or update your CocoaPods installation.\nEOM\n    exit 1\nfi\n";
			showEnvVarsInLog = 0;
		};
		D956854C7582753F0FF1B2F0 /* Copy Pods Resources */ = {
			isa = PBXShellScriptBuildPhase;
			buildActionMask = 2147483647;
			files = (
			);
			inputPaths = (
			);
			name = "Copy Pods Resources";
			outputPaths = (
			);
			runOnlyForDeploymentPostprocessing = 0;
			shellPath = /bin/sh;
			shellScript = "\"${SRCROOT}/Pods/Target Support Files/Pods/Pods-resources.sh\"\n";
			showEnvVarsInLog = 0;
		};
/* End PBXShellScriptBuildPhase section */

/* Begin PBXSourcesBuildPhase section */
		B72AF3CD18C5655100621B34 /* Sources */ = {
			isa = PBXSourcesBuildPhase;
			buildActionMask = 2147483647;
			files = (
				B7DED3F61957D47D00A2D5C0 /* SCExpandTableViewCell.m in Sources */,
				B72C84A719F4A61C0026225D /* SCLocationManager.m in Sources */,
				B725A02419D53D0800C92315 /* UITableView+SCAddition.m in Sources */,
				B7DED3EF1957D47D00A2D5C0 /* SCPickerView.m in Sources */,
				B7DED3D51957D47D00A2D5C0 /* UIView+SCAddition.m in Sources */,
				B7C2268C19762AF000BEF1B2 /* UIScreen+SCAddition.m in Sources */,
				B7DED3EA1957D47D00A2D5C0 /* SCTableViewController.m in Sources */,
				B7DED3C71957D47D00A2D5C0 /* SCAdaptedDevice.m in Sources */,
				B7AF798A19A6E8AA0041F724 /* SCUtils.m in Sources */,
				B7653F6319CC207300A2AAB5 /* SCActionView.m in Sources */,
				B7DED3CE1957D47D00A2D5C0 /* NSString+SCAddition.m in Sources */,
				B7DED3DE1957D47D00A2D5C0 /* SCDaoManager.m in Sources */,
				B7DED3DF1957D47D00A2D5C0 /* SCDateManager.m in Sources */,
				B7DED3E11957D47D00A2D5C0 /* SCUserDefaultManager.m in Sources */,
				B7B70C5A19D11E56000D4472 /* UIBarButtonItem+SCAddition.m in Sources */,
				B7F300371962529800921CFD /* UINavigationItem+SCAddition.m in Sources */,
				B7DED3DA1957D47D00A2D5C0 /* SCConstant.m in Sources */,
				B7DED3F91957D47D00A2D5C0 /* SCTextView.m in Sources */,
				B7DED3DC1957D47D00A2D5C0 /* NSManagedObject+SCDaoAddition.m in Sources */,
				B7DED3D31957D47D00A2D5C0 /* UIImage+SCAddition.m in Sources */,
				B72AF3E818C5655100621B34 /* main.m in Sources */,
				B7DED3E41957D47D00A2D5C0 /* SCCTNavigationController.m in Sources */,
				B7AF797D19A5DE270041F724 /* SCDatabase.m in Sources */,
				B7DED3D01957D47D00A2D5C0 /* UIAlertView+SCAddition.m in Sources */,
				B75DAF85191B83230011E917 /* SCDemoDetailViewController.m in Sources */,
				B7DED3E81957D47D00A2D5C0 /* SCViewControllerTransitionAnimator.m in Sources */,
				B7DED3CA1957D47D00A2D5C0 /* NSData+SCAddition.m in Sources */,
				B7DED3F11957D47D00A2D5C0 /* SCCircleView.m in Sources */,
				B7DED3CF1957D47D00A2D5C0 /* NSURL+SCAddition.m in Sources */,
				B7DED3F71957D47D00A2D5C0 /* SCTableViewCell.m in Sources */,
				B7E640AF19A478520019D963 /* SCBrowseViewPage.m in Sources */,
				B7DED3EB1957D47D00A2D5C0 /* SCViewController.m in Sources */,
				B7DED3FA1957D47D00A2D5C0 /* SCView.m in Sources */,
				B7DED3E61957D47D00A2D5C0 /* SCDBNavigationController.m in Sources */,
				B745E7951B1EDF6B00E06BE6 /* SCCycleScrollView.m in Sources */,
				B7E640AC19A478340019D963 /* NSTimer+SCAddition.m in Sources */,
				B73230E21A353E8C009C16D8 /* SCAlertView.m in Sources */,
				B7DED3D81957D47D00A2D5C0 /* SCNSJSONSerialization.m in Sources */,
				B7DED3D91957D47D00A2D5C0 /* SCMath.m in Sources */,
				B7DED3CD1957D47D00A2D5C0 /* NSObject+SCAddition.m in Sources */,
				B75C059A1B16C84C00B5C012 /* SCPageViewController.m in Sources */,
				B7271A711974BE9100FDFA72 /* SCVersionManager.m in Sources */,
				B7DED3F21957D47D00A2D5C0 /* SCExpandTableView.m in Sources */,
				B7DED3ED1957D47D00A2D5C0 /* SCDatePicker.m in Sources */,
				B7DED3D11957D47D00A2D5C0 /* UIColor+SCAddition.m in Sources */,
				B73CD4861990B39A00D21CD0 /* SCBrowseView.m in Sources */,
				B7DED3D61957D47D00A2D5C0 /* SCApp.m in Sources */,
				B73EDD7A1A5E67EF0024E33E /* SCKeyValueStore.m in Sources */,
				B7DED3C91957D47D00A2D5C0 /* NSArray+SCAddition.m in Sources */,
				B7DED3EE1957D47D00A2D5C0 /* SCLabel.m in Sources */,
				B7DED3CB1957D47D00A2D5C0 /* NSDate+SCAddition.m in Sources */,
				B7DED3F01957D47D00A2D5C0 /* SCScrollView.m in Sources */,
				B7DED3E91957D47D00A2D5C0 /* SCTabBarController.m in Sources */,
				B7DED3E51957D47D00A2D5C0 /* SCCTNavigationControllerDelegateManager.m in Sources */,
				B7DED3E71957D47D00A2D5C0 /* SCNavigationController.m in Sources */,
				B7DED3C81957D47D00A2D5C0 /* SCAdaptedSystem.m in Sources */,
				B707FA8318CDA1B500413B64 /* SCDemoListViewController.m in Sources */,
				B7DED3DB1957D47D00A2D5C0 /* NSFetchRequest+SCDaoAddition.m in Sources */,
				B7DED3F41957D47D00A2D5C0 /* SCPullRefreshView.m in Sources */,
				B7C2268619760BF700BEF1B2 /* SCPageControl.m in Sources */,
				B7645723196BC902009302C2 /* SCImagePickerManager.m in Sources */,
				B7DED3D21957D47D00A2D5C0 /* UIDevice+SCAddition.m in Sources */,
				B7B70C5319D11B25000D4472 /* SCToolbar.m in Sources */,
				B73230E51A353EA4009C16D8 /* SCActionSheet.m in Sources */,
				B72AF3EB18C5655100621B34 /* AppDelegate.m in Sources */,
				B7DED3F31957D47D00A2D5C0 /* SCPullLoadView.m in Sources */,
				B7DED3CC1957D47D00A2D5C0 /* NSDictionary+SCAddition.m in Sources */,
				B7DED3E01957D47D00A2D5C0 /* SCFileManager.m in Sources */,
				B7DED3F81957D47D00A2D5C0 /* SCTextField.m in Sources */,
				B7DED3EC1957D47D00A2D5C0 /* SCButton.m in Sources */,
				B7DED3D41957D47D00A2D5C0 /* UINavigationController+SCAddition.m in Sources */,
				B7DED3DD1957D47D00A2D5C0 /* SCCoreDataManager.m in Sources */,
				B7DED3D71957D47D00A2D5C0 /* SCModel.m in Sources */,
				B7DED3F51957D47D00A2D5C0 /* SCTableView.m in Sources */,
			);
			runOnlyForDeploymentPostprocessing = 0;
		};
		B72AF3EE18C5655100621B34 /* Sources */ = {
			isa = PBXSourcesBuildPhase;
			buildActionMask = 2147483647;
			files = (
				B72AF40018C5655100621B34 /* SCFrameworkTests.m in Sources */,
			);
			runOnlyForDeploymentPostprocessing = 0;
		};
/* End PBXSourcesBuildPhase section */

/* Begin PBXTargetDependency section */
		B72AF3F818C5655100621B34 /* PBXTargetDependency */ = {
			isa = PBXTargetDependency;
			target = B72AF3D018C5655100621B34 /* SCFramework */;
			targetProxy = B72AF3F718C5655100621B34 /* PBXContainerItemProxy */;
		};
/* End PBXTargetDependency section */

/* Begin PBXVariantGroup section */
		B724307119F5246800013D7D /* SCFWLocalizable.strings */ = {
			isa = PBXVariantGroup;
			children = (
				B724307219F5246800013D7D /* en */,
				B724307419F5247200013D7D /* zh-Hans */,
			);
			name = SCFWLocalizable.strings;
			sourceTree = "<group>";
		};
		B72AF3E418C5655100621B34 /* InfoPlist.strings */ = {
			isa = PBXVariantGroup;
			children = (
				B72AF3E518C5655100621B34 /* en */,
			);
			name = InfoPlist.strings;
			sourceTree = "<group>";
		};
		B72AF3FC18C5655100621B34 /* InfoPlist.strings */ = {
			isa = PBXVariantGroup;
			children = (
				B72AF3FD18C5655100621B34 /* en */,
			);
			name = InfoPlist.strings;
			sourceTree = "<group>";
		};
/* End PBXVariantGroup section */

/* Begin XCBuildConfiguration section */
		B72AF40118C5655100621B34 /* Debug */ = {
			isa = XCBuildConfiguration;
			buildSettings = {
				ALWAYS_SEARCH_USER_PATHS = NO;
				CLANG_CXX_LANGUAGE_STANDARD = "gnu++0x";
				CLANG_CXX_LIBRARY = "libc++";
				CLANG_ENABLE_MODULES = YES;
				CLANG_ENABLE_OBJC_ARC = YES;
				CLANG_WARN_BOOL_CONVERSION = YES;
				CLANG_WARN_CONSTANT_CONVERSION = YES;
				CLANG_WARN_DIRECT_OBJC_ISA_USAGE = YES_ERROR;
				CLANG_WARN_EMPTY_BODY = YES;
				CLANG_WARN_ENUM_CONVERSION = YES;
				CLANG_WARN_INT_CONVERSION = YES;
				CLANG_WARN_OBJC_ROOT_CLASS = YES_ERROR;
				CLANG_WARN__DUPLICATE_METHOD_MATCH = YES;
				"CODE_SIGN_IDENTITY[sdk=iphoneos*]" = "iPhone Developer";
				COPY_PHASE_STRIP = NO;
				GCC_C_LANGUAGE_STANDARD = gnu99;
				GCC_DYNAMIC_NO_PIC = NO;
				GCC_OPTIMIZATION_LEVEL = 0;
				GCC_PREPROCESSOR_DEFINITIONS = (
					"DEBUG=1",
					"$(inherited)",
				);
				GCC_SYMBOLS_PRIVATE_EXTERN = NO;
				GCC_WARN_64_TO_32_BIT_CONVERSION = YES;
				GCC_WARN_ABOUT_RETURN_TYPE = YES_ERROR;
				GCC_WARN_UNDECLARED_SELECTOR = YES;
				GCC_WARN_UNINITIALIZED_AUTOS = YES;
				GCC_WARN_UNUSED_FUNCTION = YES;
				GCC_WARN_UNUSED_VARIABLE = YES;
				IPHONEOS_DEPLOYMENT_TARGET = 7.0;
				ONLY_ACTIVE_ARCH = YES;
				SDKROOT = iphoneos;
			};
			name = Debug;
		};
		B72AF40218C5655100621B34 /* Release */ = {
			isa = XCBuildConfiguration;
			buildSettings = {
				ALWAYS_SEARCH_USER_PATHS = NO;
				CLANG_CXX_LANGUAGE_STANDARD = "gnu++0x";
				CLANG_CXX_LIBRARY = "libc++";
				CLANG_ENABLE_MODULES = YES;
				CLANG_ENABLE_OBJC_ARC = YES;
				CLANG_WARN_BOOL_CONVERSION = YES;
				CLANG_WARN_CONSTANT_CONVERSION = YES;
				CLANG_WARN_DIRECT_OBJC_ISA_USAGE = YES_ERROR;
				CLANG_WARN_EMPTY_BODY = YES;
				CLANG_WARN_ENUM_CONVERSION = YES;
				CLANG_WARN_INT_CONVERSION = YES;
				CLANG_WARN_OBJC_ROOT_CLASS = YES_ERROR;
				CLANG_WARN__DUPLICATE_METHOD_MATCH = YES;
				"CODE_SIGN_IDENTITY[sdk=iphoneos*]" = "iPhone Developer";
				COPY_PHASE_STRIP = YES;
				ENABLE_NS_ASSERTIONS = NO;
				GCC_C_LANGUAGE_STANDARD = gnu99;
				GCC_WARN_64_TO_32_BIT_CONVERSION = YES;
				GCC_WARN_ABOUT_RETURN_TYPE = YES_ERROR;
				GCC_WARN_UNDECLARED_SELECTOR = YES;
				GCC_WARN_UNINITIALIZED_AUTOS = YES;
				GCC_WARN_UNUSED_FUNCTION = YES;
				GCC_WARN_UNUSED_VARIABLE = YES;
				IPHONEOS_DEPLOYMENT_TARGET = 7.0;
				SDKROOT = iphoneos;
				VALIDATE_PRODUCT = YES;
			};
			name = Release;
		};
		B72AF40418C5655100621B34 /* Debug */ = {
			isa = XCBuildConfiguration;
			baseConfigurationReference = 6C0C92BEB5AD5FDF3951A522 /* Pods.debug.xcconfig */;
			buildSettings = {
				ASSETCATALOG_COMPILER_APPICON_NAME = AppIcon;
				ASSETCATALOG_COMPILER_LAUNCHIMAGE_NAME = LaunchImage;
				GCC_PRECOMPILE_PREFIX_HEADER = YES;
				GCC_PREFIX_HEADER = "SCFramework/SCFramework-Prefix.pch";
				INFOPLIST_FILE = "SCFramework/SCFramework-Info.plist";
				IPHONEOS_DEPLOYMENT_TARGET = 7.0;
				PRODUCT_NAME = "$(TARGET_NAME)";
				WRAPPER_EXTENSION = app;
			};
			name = Debug;
		};
		B72AF40518C5655100621B34 /* Release */ = {
			isa = XCBuildConfiguration;
			baseConfigurationReference = B7D9A0692EE6DA81624DA5BD /* Pods.release.xcconfig */;
			buildSettings = {
				ASSETCATALOG_COMPILER_APPICON_NAME = AppIcon;
				ASSETCATALOG_COMPILER_LAUNCHIMAGE_NAME = LaunchImage;
				GCC_PRECOMPILE_PREFIX_HEADER = YES;
				GCC_PREFIX_HEADER = "SCFramework/SCFramework-Prefix.pch";
				INFOPLIST_FILE = "SCFramework/SCFramework-Info.plist";
				IPHONEOS_DEPLOYMENT_TARGET = 7.0;
				PRODUCT_NAME = "$(TARGET_NAME)";
				WRAPPER_EXTENSION = app;
			};
			name = Release;
		};
		B72AF40718C5655100621B34 /* Debug */ = {
			isa = XCBuildConfiguration;
			buildSettings = {
				BUNDLE_LOADER = "$(BUILT_PRODUCTS_DIR)/SCFramework.app/SCFramework";
				FRAMEWORK_SEARCH_PATHS = (
					"$(SDKROOT)/Developer/Library/Frameworks",
					"$(inherited)",
					"$(DEVELOPER_FRAMEWORKS_DIR)",
				);
				GCC_PRECOMPILE_PREFIX_HEADER = YES;
				GCC_PREFIX_HEADER = "SCFramework/SCFramework-Prefix.pch";
				GCC_PREPROCESSOR_DEFINITIONS = (
					"DEBUG=1",
					"$(inherited)",
				);
				INFOPLIST_FILE = "SCFrameworkTests/SCFrameworkTests-Info.plist";
				PRODUCT_NAME = "$(TARGET_NAME)";
				TEST_HOST = "$(BUNDLE_LOADER)";
				WRAPPER_EXTENSION = xctest;
			};
			name = Debug;
		};
		B72AF40818C5655100621B34 /* Release */ = {
			isa = XCBuildConfiguration;
			buildSettings = {
				BUNDLE_LOADER = "$(BUILT_PRODUCTS_DIR)/SCFramework.app/SCFramework";
				FRAMEWORK_SEARCH_PATHS = (
					"$(SDKROOT)/Developer/Library/Frameworks",
					"$(inherited)",
					"$(DEVELOPER_FRAMEWORKS_DIR)",
				);
				GCC_PRECOMPILE_PREFIX_HEADER = YES;
				GCC_PREFIX_HEADER = "SCFramework/SCFramework-Prefix.pch";
				INFOPLIST_FILE = "SCFrameworkTests/SCFrameworkTests-Info.plist";
				PRODUCT_NAME = "$(TARGET_NAME)";
				TEST_HOST = "$(BUNDLE_LOADER)";
				WRAPPER_EXTENSION = xctest;
			};
			name = Release;
		};
/* End XCBuildConfiguration section */

/* Begin XCConfigurationList section */
		B72AF3CC18C5655100621B34 /* Build configuration list for PBXProject "SCFramework" */ = {
			isa = XCConfigurationList;
			buildConfigurations = (
				B72AF40118C5655100621B34 /* Debug */,
				B72AF40218C5655100621B34 /* Release */,
			);
			defaultConfigurationIsVisible = 0;
			defaultConfigurationName = Release;
		};
		B72AF40318C5655100621B34 /* Build configuration list for PBXNativeTarget "SCFramework" */ = {
			isa = XCConfigurationList;
			buildConfigurations = (
				B72AF40418C5655100621B34 /* Debug */,
				B72AF40518C5655100621B34 /* Release */,
			);
			defaultConfigurationIsVisible = 0;
			defaultConfigurationName = Release;
		};
		B72AF40618C5655100621B34 /* Build configuration list for PBXNativeTarget "SCFrameworkTests" */ = {
			isa = XCConfigurationList;
			buildConfigurations = (
				B72AF40718C5655100621B34 /* Debug */,
				B72AF40818C5655100621B34 /* Release */,
			);
			defaultConfigurationIsVisible = 0;
			defaultConfigurationName = Release;
		};
/* End XCConfigurationList section */
	};
	rootObject = B72AF3C918C5655100621B34 /* Project object */;
}
